
Microsoft Visual Studio Solution File, Format Version 12.00
# Visual Studio 15
VisualStudioVersion = 15.0.26228.86
MinimumVisualStudioVersion = 10.0.40219.1
Project("{FAE04EC0-301F-11D3-BF4B-00C04F79EFBC}") = "Ventuz.Extention", "Ventuz.Extention\Ventuz.Extention.csproj", "{0FC9D71C-417A-46C7-8D93-A3ACE86CE6AD}"
EndProject
Project("{FAE04EC0-301F-11D3-BF4B-00C04F79EFBC}") = "Ventuz.RemoteControl", "Ventuz.RemoteControl\Ventuz.RemoteControl.csproj", "{B02E27EF-4CFF-4D15-8E73-8055A2EC0B53}"
EndProject
Project("{2150E333-8FDC-42A3-9474-1A3956D46DE8}") = "Libs", "Libs", "{B7216A8C-ED28-4D6F-B81F-933660E5CA25}"
EndProject
Project("{D954291E-2A0B-460D-934E-DC6B0785DB48}") = "TUIO", "TUIO\TUIO.shproj", "{FBA58FC8-3EF1-4970-B75F-6D28DD7D09B3}"
EndProject
Project("{D954291E-2A0B-460D-934E-DC6B0785DB48}") = "ShareLib", "ShareLib\ShareLib.shproj", "{7DCF26C3-6528-432B-AE88-586382B91485}"
EndProject
Project("{2150E333-8FDC-42A3-9474-1A3956D46DE8}") = "Projects", "Projects", "{F9CC9A57-DA1C-41D0-ABFC-E08A91129ABD}"
EndProject
Project("{2150E333-8FDC-42A3-9474-1A3956D46DE8}") = "SmartFac", "SmartFac", "{20A3C4B5-6BCE-42DE-AACA-708B4FA49907}"
EndProject
Project("{FAE04EC0-301F-11D3-BF4B-00C04F79EFBC}") = "TestSerialPort", "Projects\SmartFac\TestSerialPort\TestSerialPort.csproj", "{7D1D091E-8369-4ED4-9963-8F6A16298E46}"
EndProject
Project("{FAE04EC0-301F-11D3-BF4B-00C04F79EFBC}") = "SmartFacCtrl", "Projects\SmartFac\SmartFacCtrl\SmartFacCtrl.csproj", "{6CAF48FF-E224-4D3B-8603-542127E201B8}"
EndProject
Project("{FAE04EC0-301F-11D3-BF4B-00C04F79EFBC}") = "TestFacCtrl", "Projects\SmartFac\TestFacCtrl\TestFacCtrl.csproj", "{A97618B9-52F5-42AA-96A7-666D052F1276}"
EndProject
Project("{2150E333-8FDC-42A3-9474-1A3956D46DE8}") = "SmartTraffic", "SmartTraffic", "{38B071D1-37AF-4608-B369-E94459634E89}"
EndProject
Project("{FAE04EC0-301F-11D3-BF4B-00C04F79EFBC}") = "SmartTrafficCtrl", "Projects\SmartTraffic\SmartTrafficCtrl\SmartTrafficCtrl.csproj", "{723E1C7B-9FFF-4F04-B37A-BA426DBAC1D3}"
EndProject
Project("{8BC9CEB8-8B4A-11D0-8D11-00A0C91BC942}") = "Ventuz.Extention.IPCameraProc", "Ventuz.Extention.IPCameraProc\Ventuz.Extention.IPCameraProc.vcxproj", "{55A8E42E-A00B-4018-8265-3D2819CEEC5A}"
EndProject
Project("{2150E333-8FDC-42A3-9474-1A3956D46DE8}") = "SmartCity", "SmartCity", "{BD5F84EB-B140-4E31-A4E5-238731363130}"
EndProject
Project("{FAE04EC0-301F-11D3-BF4B-00C04F79EFBC}") = "SmartCityYJY", "Projects\SmartCity\SmartCityYJY\SmartCityYJY.csproj", "{8B245F5A-80D2-4CE7-ACB1-E2476E529B6F}"
EndProject
Project("{FAE04EC0-301F-11D3-BF4B-00C04F79EFBC}") = "TestProjectDLL", "Projects\TestProjectDLL\TestProjectDLL.csproj", "{BA2D1BFB-A955-4BB5-B66E-2133672B0F51}"
EndProject
Project("{2150E333-8FDC-42A3-9474-1A3956D46DE8}") = "SmartEdu", "SmartEdu", "{203B8070-2ABD-4CC8-BF8C-551EDD6FB46D}"
EndProject
Project("{FAE04EC0-301F-11D3-BF4B-00C04F79EFBC}") = "UDP2SerPort", "Projects\SmartEdu\UDP2SerPort\UDP2SerPort.csproj", "{12EF75D0-E655-4010-ACF2-5E6648CB02D8}"
EndProject
Project("{2150E333-8FDC-42A3-9474-1A3956D46DE8}") = "SmartAgricul", "SmartAgricul", "{8CE4910E-7F7E-4120-A7BB-5E4B5F0DFAE8}"
EndProject
Project("{FAE04EC0-301F-11D3-BF4B-00C04F79EFBC}") = "SmartAgricul", "Projects\SmartAgricul\AgriculPlayMovie\SmartAgricul.csproj", "{0EDA967C-6622-49FF-8A74-4FF439B45B0C}"
EndProject
Project("{FAE04EC0-301F-11D3-BF4B-00C04F79EFBC}") = "SmartTrafficYX", "Projects\SmartTraffic\SmartTrafficYX\SmartTrafficYX.csproj", "{886A63F5-C07E-45BE-A011-26FD05B7CBBC}"
EndProject
Project("{2150E333-8FDC-42A3-9474-1A3956D46DE8}") = "5GP2P", "5GP2P", "{D5908C8B-4530-428B-BFD6-F97AD4469E79}"
EndProject
Project("{FAE04EC0-301F-11D3-BF4B-00C04F79EFBC}") = "P2P5G", "Projects\5GP2P\P2P5G\P2P5G.csproj", "{E020B6C8-C5D9-4060-95C6-D5E4B17B46E5}"
EndProject
Project("{2150E333-8FDC-42A3-9474-1A3956D46DE8}") = "Tools", "Tools", "{8E7696F0-FC54-4907-BDD6-B49F226380E7}"
EndProject
Project("{FAE04EC0-301F-11D3-BF4B-00C04F79EFBC}") = "PPTPlayer", "Tools\PPTPlayer\PPTPlayer.csproj", "{CA4E04F9-A08E-498F-938E-E41715387243}"
EndProject
Project("{FAE04EC0-301F-11D3-BF4B-00C04F79EFBC}") = "PadControlCenter", "Tools\PadControlCenter\PadControlCenter.csproj", "{35914EBD-1FE1-496B-B3DD-66006807469A}"
EndProject
Project("{FAE04EC0-301F-11D3-BF4B-00C04F79EFBC}") = "DebugClient", "Tools\DebugClient\DebugClient.csproj", "{CE37AB5D-686F-4F8B-A32C-213B01CAB5BC}"
EndProject
Project("{FAE04EC0-301F-11D3-BF4B-00C04F79EFBC}") = "MoviePlayer", "Tools\MoviePlayer\MoviePlayer.csproj", "{AAC921FF-C226-4155-B206-F6201308C7D0}"
EndProject
Project("{FAE04EC0-301F-11D3-BF4B-00C04F79EFBC}") = "QRcodeUnity", "Tools\QRcodeUnity\QRcodeUnity.csproj", "{F724C03D-5257-4BE2-B52C-1E5E9F581709}"
EndProject
Project("{FAE04EC0-301F-11D3-BF4B-00C04F79EFBC}") = "VZip", "Tools\VZip\VZip.csproj", "{9E80FD03-E7E7-409B-AB7E-61E54B64E8FB}"
EndProject
Project("{FAE04EC0-301F-11D3-BF4B-00C04F79EFBC}") = "SmartCityBSL", "Projects\SmartCity\SmartCityBSL\SmartCityBSL.csproj", "{F11A4C7F-6261-446F-8B64-35489FBBD5D3}"
EndProject
Project("{2150E333-8FDC-42A3-9474-1A3956D46DE8}") = "MulCtrl", "MulCtrl", "{5ECCD7D1-90C6-48B7-9781-AD2DED2C9748}"
EndProject
Project("{FAE04EC0-301F-11D3-BF4B-00C04F79EFBC}") = "WebPicVideo", "Projects\MulCtrl\WebPicVideo\WebPicVideo.csproj", "{132A271B-EAF9-431E-A1F3-189850E91070}"
EndProject
Project("{FAE04EC0-301F-11D3-BF4B-00C04F79EFBC}") = "SmartCityZQ", "Projects\SmartCity\SmartCityZQ\SmartCityZQ.csproj", "{407BD98C-D16B-4B2F-8146-5BB138B04A7B}"
EndProject
Project("{FAE04EC0-301F-11D3-BF4B-00C04F79EFBC}") = "SmartCitySHZQ", "Projects\SmartCity\SmartCitySHZQ\SmartCitySHZQ.csproj", "{B987051E-FB16-4184-ABF3-07DDDAD36AC8}"
EndProject
Project("{FAE04EC0-301F-11D3-BF4B-00C04F79EFBC}") = "WebCache", "Tools\WebCache\WebCache.csproj", "{D643AF86-A755-4160-8790-5BC42A81C48D}"
EndProject
Project("{FAE04EC0-301F-11D3-BF4B-00C04F79EFBC}") = "PhotoPrinter", "Tools\PhotoPrinter\PhotoPrinter.csproj", "{554E455B-BDE9-4553-93D5-AA9704FC5B9B}"
EndProject
Project("{FAE04EC0-301F-11D3-BF4B-00C04F79EFBC}") = "ForwardServer", "Tools\ForwardServer\ForwardServer.csproj", "{5F9BB890-7CE9-4FFF-8D81-4DBEFBC7E681}"
EndProject
Project("{FAE04EC0-301F-11D3-BF4B-00C04F79EFBC}") = "UDP2SerPortBank", "Projects\SmartEdu\UDP2SerPortBank\UDP2SerPortBank.csproj", "{1B7357B2-61DF-4922-BF70-FD72E9257B3F}"
EndProject
Project("{FAE04EC0-301F-11D3-BF4B-00C04F79EFBC}") = "AnswerCard", "Tools\AnswerCard\AnswerCard.csproj", "{E5A298A3-F9C0-4333-826A-C28949D9FA8F}"
EndProject
Project("{2150E333-8FDC-42A3-9474-1A3956D46DE8}") = "ShangHai2019", "ShangHai2019", "{DA520663-82BE-4450-A497-C35BA88A3A2C}"
EndProject
Project("{FAE04EC0-301F-11D3-BF4B-00C04F79EFBC}") = "ProjFusionMedia", "Projects\ShangHai2019\ProjFusionMedia\ProjFusionMedia.csproj", "{93E84A92-5340-4085-99BF-A9AFA6FD405D}"
EndProject
Project("{FAE04EC0-301F-11D3-BF4B-00C04F79EFBC}") = "ProjEnergyPower", "Projects\ShangHai2019\ProjEnergyPower\ProjEnergyPower.csproj", "{C9FA93C0-7E72-41B6-B83D-13190DD37552}"
EndProject
Project("{FAE04EC0-301F-11D3-BF4B-00C04F79EFBC}") = "EngineStatus", "Projects\ShangHai2019\EngineStatus\EngineStatus.csproj", "{84472E69-2739-43C2-8D05-2B60BA03E80D}"
EndProject
Project("{FAE04EC0-301F-11D3-BF4B-00C04F79EFBC}") = "ProjShMWCFactory", "Projects\ShangHai2019\ProjShMWCFactory\ProjShMWCFactory.csproj", "{372DB625-79C3-45D1-BD43-B546A0552DE0}"
EndProject
Project("{FAE04EC0-301F-11D3-BF4B-00C04F79EFBC}") = "ProjSmartCity", "Projects\ShangHai2019\ProjSmartCity\ProjSmartCity.csproj", "{CDFD5C02-A021-43B7-BE42-D0E0F1A5E116}"
EndProject
Project("{FAE04EC0-301F-11D3-BF4B-00C04F79EFBC}") = "DebugLog", "Tools\DebugLog\DebugLog.csproj", "{5E93D705-CA6D-4762-981F-C5AF237B9976}"
EndProject
Project("{FAE04EC0-301F-11D3-BF4B-00C04F79EFBC}") = "HttpServer", "Tools\HttpServer\HttpServer.csproj", "{8885253A-149A-46CD-BA69-85ADD02D0A40}"
EndProject
Project("{FAE04EC0-301F-11D3-BF4B-00C04F79EFBC}") = "vpr2drz", "Tools\vpr2dmz\vpr2drz.csproj", "{98FE834D-6DE5-480A-BC6E-BCD30EFA0276}"
EndProject
Project("{FAE04EC0-301F-11D3-BF4B-00C04F79EFBC}") = "PackVentuzCfg", "Tools\packventuzcfg\PackVentuzCfg.csproj", "{B8635143-0E07-4422-B313-39EDE0FB686E}"
EndProject
Project("{8BC9CEB8-8B4A-11D0-8D11-00A0C91BC942}") = "USBCameraList", "Tools\USBCameraList\USBCameraList.vcxproj", "{2ABA9C4F-EBF7-47D7-918E-C23CC135EB15}"
EndProject
Project("{2150E333-8FDC-42A3-9474-1A3956D46DE8}") = "BeiJing2019", "BeiJing2019", "{B8BA9D1D-2441-4C94-A3E1-1DC79DC23627}"
EndProject
Project("{FAE04EC0-301F-11D3-BF4B-00C04F79EFBC}") = "PartyGovArmy", "Projects\BeiJing2019\PartyGovArmy\PartyGovArmy.csproj", "{FD1F9C06-C043-41E0-B24C-F2F9F38DEA7D}"
EndProject
Project("{FAE04EC0-301F-11D3-BF4B-00C04F79EFBC}") = "COMProtocolAnalyze", "Tools\COMProtocolAnalyze\COMProtocolAnalyze.csproj", "{6E79FE2D-1E1F-4830-B61A-43DB9B9063A4}"
EndProject
Project("{FAE04EC0-301F-11D3-BF4B-00C04F79EFBC}") = "PadUITester", "Tools\PadUITester\PadUITester.csproj", "{E28E3C88-0970-4FA6-941B-617BBBF8A6DA}"
EndProject
Project("{FAE04EC0-301F-11D3-BF4B-00C04F79EFBC}") = "MarkerConfigTool", "Tools\MarkerConfigTool\MarkerConfigTool.csproj", "{6CFADB0D-FBC7-4143-B8F4-A034FC8E5A4F}"
EndProject
Project("{FAE04EC0-301F-11D3-BF4B-00C04F79EFBC}") = "VolumeControlServ", "Tools\VolumeControlServ\VolumeControlServ.csproj", "{8C930341-9F2B-4C0A-AFCA-B3517862F5AB}"
EndProject
Project("{FAE04EC0-301F-11D3-BF4B-00C04F79EFBC}") = "UDPClient", "Tools\UDPClient\UDPClient.csproj", "{7F177F11-429F-4B5D-9263-9BD10308BF20}"
EndProject
Project("{FAE04EC0-301F-11D3-BF4B-00C04F79EFBC}") = "ShareLibToC", "ShareLibToC\ShareLibToC.csproj", "{08DFD6B9-CE31-4876-A8B1-A6B2CCE47C85}"
EndProject
Project("{FAE04EC0-301F-11D3-BF4B-00C04F79EFBC}") = "SlideScreenController", "SlideScreenController\SlideScreenController.csproj", "{007A6746-AF60-4AE1-A70F-F6D475667029}"
EndProject
Project("{FAE04EC0-301F-11D3-BF4B-00C04F79EFBC}") = "TcpClient", "TcpClient\TcpClient.csproj", "{27540216-9612-40E3-926C-95D6136DA7EF}"
EndProject
Project("{2150E333-8FDC-42A3-9474-1A3956D46DE8}") = "Huawei", "Huawei", "{7DECA0E3-4346-4485-A802-F64161172358}"
EndProject
Project("{FAE04EC0-301F-11D3-BF4B-00C04F79EFBC}") = "OceanStor", "OceanStor\OceanStor.csproj", "{8FACC1F7-267B-4392-BB9F-7DE56DDC679A}"
EndProject
Project("{FAE04EC0-301F-11D3-BF4B-00C04F79EFBC}") = "GACEnum", "Tools\GACEnum\GACEnum.csproj", "{0E01934B-AF0B-4ECF-B31C-CC8B638AA5D9}"
EndProject
Project("{2150E333-8FDC-42A3-9474-1A3956D46DE8}") = "MidPlugs", "MidPlugs", "{C1989EDC-8085-45ED-B4EA-4E9DC26F8A97}"
EndProject
Project("{FAE04EC0-301F-11D3-BF4B-00C04F79EFBC}") = "Hardware_KunPeng", "MidPlugs\Hardware_KunPeng\Hardware_KunPeng.csproj", "{57127D88-9541-43EB-889F-18EFF18E4AC6}"
EndProject
Project("{FAE04EC0-301F-11D3-BF4B-00C04F79EFBC}") = "WO_PPTPlayer", "MidPlugs\WO_PPTPlayer\WO_PPTPlayer.csproj", "{7703B941-31AC-49E0-BFF5-E290763884EA}"
EndProject
Project("{FAE04EC0-301F-11D3-BF4B-00C04F79EFBC}") = "VolumeControl", "MidPlugs\VolumeControl\VolumeControl.csproj", "{A55ADEC5-DC54-4DB9-8506-6F5A0084A149}"
EndProject
Project("{FAE04EC0-301F-11D3-BF4B-00C04F79EFBC}") = "WO_MPVPlayer", "MidPlugs\WO_MPVPlayer\WO_MPVPlayer.csproj", "{64B3D746-82EC-4707-B95C-4EA33A64BA03}"
EndProject
Project("{2150E333-8FDC-42A3-9474-1A3956D46DE8}") = "NVPlugs", "NVPlugs", "{F4E650EB-921E-43D7-AEF3-60DF6E1EAF5C}"
EndProject
Project("{FAE04EC0-301F-11D3-BF4B-00C04F79EFBC}") = "SwitchPageByRFID", "DVPlugs\SwitchPageByRFID\SwitchPageByRFID.csproj", "{4A4F3DC7-08D7-487F-B734-A0D0F9298802}"
EndProject
Project("{FAE04EC0-301F-11D3-BF4B-00C04F79EFBC}") = "COMSendHelper", "Tools\COMSendHelper\COMSendHelper.csproj", "{26F104EE-24AE-4A74-91DA-9B88E59FD101}"
EndProject
Project("{2150E333-8FDC-42A3-9474-1A3956D46DE8}") = "Beijing2020", "Beijing2020", "{F1935E1A-8A08-45F7-8852-D7777C3C2E1D}"
EndProject
Project("{FAE04EC0-301F-11D3-BF4B-00C04F79EFBC}") = "ProjMedical", "Projects\Beijing2020\ProjMedical\ProjMedical.csproj", "{73C328CD-04BC-47E8-B9E8-60463BABAC69}"
EndProject
Project("{FAE04EC0-301F-11D3-BF4B-00C04F79EFBC}") = "JinkePadControlCenter", "Projects\Jinke2020\JinkePadControlCenter\JinkePadControlCenter.csproj", "{2481FF12-FD51-48B1-8016-367996ADDF56}"
EndProject
Project("{2150E333-8FDC-42A3-9474-1A3956D46DE8}") = "2020JinkePadControlCenter", "2020JinkePadControlCenter", "{1B4FC8C3-506F-4753-BB56-A90CF7EEAB86}"
EndProject
Project("{FAE04EC0-301F-11D3-BF4B-00C04F79EFBC}") = "BeingJin2020KuangShan", "DVPlugs\BeingJin2020KuangShan\BeingJin2020KuangShan.csproj", "{DD4387E0-997E-45FA-B22F-2459541E5BDD}"
EndProject
Project("{FAE04EC0-301F-11D3-BF4B-00C04F79EFBC}") = "MPVControl", "Tools\MPVControl\MPVControl.csproj", "{4D6D3DB8-ECAD-48D9-9F78-D060860A4141}"
EndProject
Project("{FAE04EC0-301F-11D3-BF4B-00C04F79EFBC}") = "WebSocketToSerialPort", "Tools\WebSocketToSerialPort\WebSocketToSerialPort.csproj", "{8A55FF33-1215-418B-ABC1-E44B31E93F4E}"
EndProject
Global
	GlobalSection(SharedMSBuildProjectFiles) = preSolution
		ShareLib\ShareLib.projitems*{08dfd6b9-ce31-4876-a8b1-a6b2cce47c85}*SharedItemsImports = 4
		ShareLib\ShareLib.projitems*{0fc9d71c-417a-46c7-8d93-a3ace86ce6ad}*SharedItemsImports = 4
		TUIO\TUIO.projitems*{0fc9d71c-417a-46c7-8d93-a3ace86ce6ad}*SharedItemsImports = 4
		ShareLib\ShareLib.projitems*{1b7357b2-61df-4922-bf70-fd72e9257b3f}*SharedItemsImports = 4
		ShareLib\ShareLib.projitems*{2481ff12-fd51-48b1-8016-367996addf56}*SharedItemsImports = 4
		ShareLib\ShareLib.projitems*{26f104ee-24ae-4a74-91da-9b88e59fd101}*SharedItemsImports = 4
		ShareLib\ShareLib.projitems*{35914ebd-1fe1-496b-b3dd-66006807469a}*SharedItemsImports = 4
		ShareLib\ShareLib.projitems*{4a4f3dc7-08d7-487f-b734-a0d0f9298802}*SharedItemsImports = 4
		ShareLib\ShareLib.projitems*{4d6d3db8-ecad-48d9-9f78-d060860a4141}*SharedItemsImports = 4
		ShareLib\ShareLib.projitems*{554e455b-bde9-4553-93d5-aa9704fc5b9b}*SharedItemsImports = 4
		ShareLib\ShareLib.projitems*{57127d88-9541-43eb-889f-18eff18e4ac6}*SharedItemsImports = 4
		ShareLib\ShareLib.projitems*{5e93d705-ca6d-4762-981f-c5af237b9976}*SharedItemsImports = 4
		ShareLib\ShareLib.projitems*{5f9bb890-7ce9-4fff-8d81-4dbefbc7e681}*SharedItemsImports = 4
		ShareLib\ShareLib.projitems*{64b3d746-82ec-4707-b95c-4ea33a64ba03}*SharedItemsImports = 4
		ShareLib\ShareLib.projitems*{6e79fe2d-1e1f-4830-b61a-43db9b9063a4}*SharedItemsImports = 4
		ShareLib\ShareLib.projitems*{73c328cd-04bc-47e8-b9e8-60463babac69}*SharedItemsImports = 4
		ShareLib\ShareLib.projitems*{7703b941-31ac-49e0-bff5-e290763884ea}*SharedItemsImports = 4
		ShareLib\ShareLib.projitems*{7dcf26c3-6528-432b-ae88-586382b91485}*SharedItemsImports = 13
		ShareLib\ShareLib.projitems*{7f177f11-429f-4b5d-9263-9bd10308bf20}*SharedItemsImports = 4
		ShareLib\ShareLib.projitems*{84472e69-2739-43c2-8d05-2b60ba03e80d}*SharedItemsImports = 4
		ShareLib\ShareLib.projitems*{8a55ff33-1215-418b-abc1-e44b31e93f4e}*SharedItemsImports = 4
		ShareLib\ShareLib.projitems*{8c930341-9f2b-4c0a-afca-b3517862f5ab}*SharedItemsImports = 4
		ShareLib\ShareLib.projitems*{9e80fd03-e7e7-409b-ab7e-61e54b64e8fb}*SharedItemsImports = 4
		ShareLib\ShareLib.projitems*{a55adec5-dc54-4db9-8506-6f5a0084a149}*SharedItemsImports = 4
		ShareLib\ShareLib.projitems*{aac921ff-c226-4155-b206-f6201308c7d0}*SharedItemsImports = 4
		ShareLib\ShareLib.projitems*{ca4e04f9-a08e-498f-938e-e41715387243}*SharedItemsImports = 4
		ShareLib\ShareLib.projitems*{ce37ab5d-686f-4f8b-a32c-213b01cab5bc}*SharedItemsImports = 4
		ShareLib\ShareLib.projitems*{d643af86-a755-4160-8790-5bc42a81c48d}*SharedItemsImports = 4
		ShareLib\ShareLib.projitems*{dd4387e0-997e-45fa-b22f-2459541e5bdd}*SharedItemsImports = 4
		ShareLib\ShareLib.projitems*{e5a298a3-f9c0-4333-826a-c28949d9fa8f}*SharedItemsImports = 4
		ShareLib\ShareLib.projitems*{f11a4c7f-6261-446f-8b64-35489fbbd5d3}*SharedItemsImports = 4
		TUIO\TUIO.projitems*{fba58fc8-3ef1-4970-b75f-6d28dd7d09b3}*SharedItemsImports = 13
	EndGlobalSection
	GlobalSection(SolutionConfigurationPlatforms) = preSolution
		Debug|Any CPU = Debug|Any CPU
		Debug|x64 = Debug|x64
		Debug|x86 = Debug|x86
		Release|Any CPU = Release|Any CPU
		Release|x64 = Release|x64
		Release|x86 = Release|x86
	EndGlobalSection
	GlobalSection(ProjectConfigurationPlatforms) = postSolution
		{0FC9D71C-417A-46C7-8D93-A3ACE86CE6AD}.Debug|Any CPU.ActiveCfg = Debug|Any CPU
		{0FC9D71C-417A-46C7-8D93-A3ACE86CE6AD}.Debug|Any CPU.Build.0 = Debug|Any CPU
		{0FC9D71C-417A-46C7-8D93-A3ACE86CE6AD}.Debug|x64.ActiveCfg = Debug|Any CPU
		{0FC9D71C-417A-46C7-8D93-A3ACE86CE6AD}.Debug|x64.Build.0 = Debug|Any CPU
		{0FC9D71C-417A-46C7-8D93-A3ACE86CE6AD}.Debug|x86.ActiveCfg = Debug|Any CPU
		{0FC9D71C-417A-46C7-8D93-A3ACE86CE6AD}.Debug|x86.Build.0 = Debug|Any CPU
		{0FC9D71C-417A-46C7-8D93-A3ACE86CE6AD}.Release|Any CPU.ActiveCfg = Release|Any CPU
		{0FC9D71C-417A-46C7-8D93-A3ACE86CE6AD}.Release|Any CPU.Build.0 = Release|Any CPU
		{0FC9D71C-417A-46C7-8D93-A3ACE86CE6AD}.Release|x64.ActiveCfg = Release|Any CPU
		{0FC9D71C-417A-46C7-8D93-A3ACE86CE6AD}.Release|x64.Build.0 = Release|Any CPU
		{0FC9D71C-417A-46C7-8D93-A3ACE86CE6AD}.Release|x86.ActiveCfg = Release|Any CPU
		{0FC9D71C-417A-46C7-8D93-A3ACE86CE6AD}.Release|x86.Build.0 = Release|Any CPU
		{B02E27EF-4CFF-4D15-8E73-8055A2EC0B53}.Debug|Any CPU.ActiveCfg = Debug|Any CPU
		{B02E27EF-4CFF-4D15-8E73-8055A2EC0B53}.Debug|Any CPU.Build.0 = Debug|Any CPU
		{B02E27EF-4CFF-4D15-8E73-8055A2EC0B53}.Debug|x64.ActiveCfg = Debug|Any CPU
		{B02E27EF-4CFF-4D15-8E73-8055A2EC0B53}.Debug|x64.Build.0 = Debug|Any CPU
		{B02E27EF-4CFF-4D15-8E73-8055A2EC0B53}.Debug|x86.ActiveCfg = Debug|Any CPU
		{B02E27EF-4CFF-4D15-8E73-8055A2EC0B53}.Debug|x86.Build.0 = Debug|Any CPU
		{B02E27EF-4CFF-4D15-8E73-8055A2EC0B53}.Release|Any CPU.ActiveCfg = Release|Any CPU
		{B02E27EF-4CFF-4D15-8E73-8055A2EC0B53}.Release|Any CPU.Build.0 = Release|Any CPU
		{B02E27EF-4CFF-4D15-8E73-8055A2EC0B53}.Release|x64.ActiveCfg = Release|Any CPU
		{B02E27EF-4CFF-4D15-8E73-8055A2EC0B53}.Release|x64.Build.0 = Release|Any CPU
		{B02E27EF-4CFF-4D15-8E73-8055A2EC0B53}.Release|x86.ActiveCfg = Release|Any CPU
		{B02E27EF-4CFF-4D15-8E73-8055A2EC0B53}.Release|x86.Build.0 = Release|Any CPU
		{7D1D091E-8369-4ED4-9963-8F6A16298E46}.Debug|Any CPU.ActiveCfg = Debug|Any CPU
		{7D1D091E-8369-4ED4-9963-8F6A16298E46}.Debug|Any CPU.Build.0 = Debug|Any CPU
		{7D1D091E-8369-4ED4-9963-8F6A16298E46}.Debug|x64.ActiveCfg = Debug|Any CPU
		{7D1D091E-8369-4ED4-9963-8F6A16298E46}.Debug|x64.Build.0 = Debug|Any CPU
		{7D1D091E-8369-4ED4-9963-8F6A16298E46}.Debug|x86.ActiveCfg = Debug|Any CPU
		{7D1D091E-8369-4ED4-9963-8F6A16298E46}.Debug|x86.Build.0 = Debug|Any CPU
		{7D1D091E-8369-4ED4-9963-8F6A16298E46}.Release|Any CPU.ActiveCfg = Release|Any CPU
		{7D1D091E-8369-4ED4-9963-8F6A16298E46}.Release|Any CPU.Build.0 = Release|Any CPU
		{7D1D091E-8369-4ED4-9963-8F6A16298E46}.Release|x64.ActiveCfg = Release|Any CPU
		{7D1D091E-8369-4ED4-9963-8F6A16298E46}.Release|x64.Build.0 = Release|Any CPU
		{7D1D091E-8369-4ED4-9963-8F6A16298E46}.Release|x86.ActiveCfg = Release|Any CPU
		{7D1D091E-8369-4ED4-9963-8F6A16298E46}.Release|x86.Build.0 = Release|Any CPU
		{6CAF48FF-E224-4D3B-8603-542127E201B8}.Debug|Any CPU.ActiveCfg = Debug|Any CPU
		{6CAF48FF-E224-4D3B-8603-542127E201B8}.Debug|Any CPU.Build.0 = Debug|Any CPU
		{6CAF48FF-E224-4D3B-8603-542127E201B8}.Debug|x64.ActiveCfg = Debug|Any CPU
		{6CAF48FF-E224-4D3B-8603-542127E201B8}.Debug|x64.Build.0 = Debug|Any CPU
		{6CAF48FF-E224-4D3B-8603-542127E201B8}.Debug|x86.ActiveCfg = Debug|Any CPU
		{6CAF48FF-E224-4D3B-8603-542127E201B8}.Debug|x86.Build.0 = Debug|Any CPU
		{6CAF48FF-E224-4D3B-8603-542127E201B8}.Release|Any CPU.ActiveCfg = Release|Any CPU
		{6CAF48FF-E224-4D3B-8603-542127E201B8}.Release|Any CPU.Build.0 = Release|Any CPU
		{6CAF48FF-E224-4D3B-8603-542127E201B8}.Release|x64.ActiveCfg = Release|Any CPU
		{6CAF48FF-E224-4D3B-8603-542127E201B8}.Release|x64.Build.0 = Release|Any CPU
		{6CAF48FF-E224-4D3B-8603-542127E201B8}.Release|x86.ActiveCfg = Release|Any CPU
		{6CAF48FF-E224-4D3B-8603-542127E201B8}.Release|x86.Build.0 = Release|Any CPU
		{A97618B9-52F5-42AA-96A7-666D052F1276}.Debug|Any CPU.ActiveCfg = Debug|Any CPU
		{A97618B9-52F5-42AA-96A7-666D052F1276}.Debug|Any CPU.Build.0 = Debug|Any CPU
		{A97618B9-52F5-42AA-96A7-666D052F1276}.Debug|x64.ActiveCfg = Debug|Any CPU
		{A97618B9-52F5-42AA-96A7-666D052F1276}.Debug|x64.Build.0 = Debug|Any CPU
		{A97618B9-52F5-42AA-96A7-666D052F1276}.Debug|x86.ActiveCfg = Debug|Any CPU
		{A97618B9-52F5-42AA-96A7-666D052F1276}.Debug|x86.Build.0 = Debug|Any CPU
		{A97618B9-52F5-42AA-96A7-666D052F1276}.Release|Any CPU.ActiveCfg = Release|Any CPU
		{A97618B9-52F5-42AA-96A7-666D052F1276}.Release|Any CPU.Build.0 = Release|Any CPU
		{A97618B9-52F5-42AA-96A7-666D052F1276}.Release|x64.ActiveCfg = Release|Any CPU
		{A97618B9-52F5-42AA-96A7-666D052F1276}.Release|x64.Build.0 = Release|Any CPU
		{A97618B9-52F5-42AA-96A7-666D052F1276}.Release|x86.ActiveCfg = Release|Any CPU
		{A97618B9-52F5-42AA-96A7-666D052F1276}.Release|x86.Build.0 = Release|Any CPU
		{723E1C7B-9FFF-4F04-B37A-BA426DBAC1D3}.Debug|Any CPU.ActiveCfg = Debug|Any CPU
		{723E1C7B-9FFF-4F04-B37A-BA426DBAC1D3}.Debug|Any CPU.Build.0 = Debug|Any CPU
		{723E1C7B-9FFF-4F04-B37A-BA426DBAC1D3}.Debug|x64.ActiveCfg = Debug|Any CPU
		{723E1C7B-9FFF-4F04-B37A-BA426DBAC1D3}.Debug|x64.Build.0 = Debug|Any CPU
		{723E1C7B-9FFF-4F04-B37A-BA426DBAC1D3}.Debug|x86.ActiveCfg = Debug|Any CPU
		{723E1C7B-9FFF-4F04-B37A-BA426DBAC1D3}.Debug|x86.Build.0 = Debug|Any CPU
		{723E1C7B-9FFF-4F04-B37A-BA426DBAC1D3}.Release|Any CPU.ActiveCfg = Release|Any CPU
		{723E1C7B-9FFF-4F04-B37A-BA426DBAC1D3}.Release|Any CPU.Build.0 = Release|Any CPU
		{723E1C7B-9FFF-4F04-B37A-BA426DBAC1D3}.Release|x64.ActiveCfg = Release|Any CPU
		{723E1C7B-9FFF-4F04-B37A-BA426DBAC1D3}.Release|x64.Build.0 = Release|Any CPU
		{723E1C7B-9FFF-4F04-B37A-BA426DBAC1D3}.Release|x86.ActiveCfg = Release|Any CPU
		{723E1C7B-9FFF-4F04-B37A-BA426DBAC1D3}.Release|x86.Build.0 = Release|Any CPU
		{55A8E42E-A00B-4018-8265-3D2819CEEC5A}.Debug|Any CPU.ActiveCfg = Debug|x64
		{55A8E42E-A00B-4018-8265-3D2819CEEC5A}.Debug|Any CPU.Build.0 = Debug|x64
		{55A8E42E-A00B-4018-8265-3D2819CEEC5A}.Debug|x64.ActiveCfg = Debug|x64
		{55A8E42E-A00B-4018-8265-3D2819CEEC5A}.Debug|x64.Build.0 = Debug|x64
		{55A8E42E-A00B-4018-8265-3D2819CEEC5A}.Debug|x86.ActiveCfg = Debug|x64
		{55A8E42E-A00B-4018-8265-3D2819CEEC5A}.Debug|x86.Build.0 = Debug|x64
		{55A8E42E-A00B-4018-8265-3D2819CEEC5A}.Release|Any CPU.ActiveCfg = Release|Win32
		{55A8E42E-A00B-4018-8265-3D2819CEEC5A}.Release|x64.ActiveCfg = Release|x64
		{55A8E42E-A00B-4018-8265-3D2819CEEC5A}.Release|x64.Build.0 = Release|x64
		{55A8E42E-A00B-4018-8265-3D2819CEEC5A}.Release|x86.ActiveCfg = Release|Win32
		{55A8E42E-A00B-4018-8265-3D2819CEEC5A}.Release|x86.Build.0 = Release|Win32
		{8B245F5A-80D2-4CE7-ACB1-E2476E529B6F}.Debug|Any CPU.ActiveCfg = Debug|Any CPU
		{8B245F5A-80D2-4CE7-ACB1-E2476E529B6F}.Debug|Any CPU.Build.0 = Debug|Any CPU
		{8B245F5A-80D2-4CE7-ACB1-E2476E529B6F}.Debug|x64.ActiveCfg = Debug|Any CPU
		{8B245F5A-80D2-4CE7-ACB1-E2476E529B6F}.Debug|x64.Build.0 = Debug|Any CPU
		{8B245F5A-80D2-4CE7-ACB1-E2476E529B6F}.Debug|x86.ActiveCfg = Debug|Any CPU
		{8B245F5A-80D2-4CE7-ACB1-E2476E529B6F}.Debug|x86.Build.0 = Debug|Any CPU
		{8B245F5A-80D2-4CE7-ACB1-E2476E529B6F}.Release|Any CPU.ActiveCfg = Release|Any CPU
		{8B245F5A-80D2-4CE7-ACB1-E2476E529B6F}.Release|Any CPU.Build.0 = Release|Any CPU
		{8B245F5A-80D2-4CE7-ACB1-E2476E529B6F}.Release|x64.ActiveCfg = Release|Any CPU
		{8B245F5A-80D2-4CE7-ACB1-E2476E529B6F}.Release|x64.Build.0 = Release|Any CPU
		{8B245F5A-80D2-4CE7-ACB1-E2476E529B6F}.Release|x86.ActiveCfg = Release|Any CPU
		{8B245F5A-80D2-4CE7-ACB1-E2476E529B6F}.Release|x86.Build.0 = Release|Any CPU
		{BA2D1BFB-A955-4BB5-B66E-2133672B0F51}.Debug|Any CPU.ActiveCfg = Debug|Any CPU
		{BA2D1BFB-A955-4BB5-B66E-2133672B0F51}.Debug|Any CPU.Build.0 = Debug|Any CPU
		{BA2D1BFB-A955-4BB5-B66E-2133672B0F51}.Debug|x64.ActiveCfg = Debug|Any CPU
		{BA2D1BFB-A955-4BB5-B66E-2133672B0F51}.Debug|x64.Build.0 = Debug|Any CPU
		{BA2D1BFB-A955-4BB5-B66E-2133672B0F51}.Debug|x86.ActiveCfg = Debug|Any CPU
		{BA2D1BFB-A955-4BB5-B66E-2133672B0F51}.Debug|x86.Build.0 = Debug|Any CPU
		{BA2D1BFB-A955-4BB5-B66E-2133672B0F51}.Release|Any CPU.ActiveCfg = Release|Any CPU
		{BA2D1BFB-A955-4BB5-B66E-2133672B0F51}.Release|Any CPU.Build.0 = Release|Any CPU
		{BA2D1BFB-A955-4BB5-B66E-2133672B0F51}.Release|x64.ActiveCfg = Release|Any CPU
		{BA2D1BFB-A955-4BB5-B66E-2133672B0F51}.Release|x64.Build.0 = Release|Any CPU
		{BA2D1BFB-A955-4BB5-B66E-2133672B0F51}.Release|x86.ActiveCfg = Release|Any CPU
		{BA2D1BFB-A955-4BB5-B66E-2133672B0F51}.Release|x86.Build.0 = Release|Any CPU
		{12EF75D0-E655-4010-ACF2-5E6648CB02D8}.Debug|Any CPU.ActiveCfg = Debug|Any CPU
		{12EF75D0-E655-4010-ACF2-5E6648CB02D8}.Debug|Any CPU.Build.0 = Debug|Any CPU
		{12EF75D0-E655-4010-ACF2-5E6648CB02D8}.Debug|x64.ActiveCfg = Debug|Any CPU
		{12EF75D0-E655-4010-ACF2-5E6648CB02D8}.Debug|x64.Build.0 = Debug|Any CPU
		{12EF75D0-E655-4010-ACF2-5E6648CB02D8}.Debug|x86.ActiveCfg = Debug|Any CPU
		{12EF75D0-E655-4010-ACF2-5E6648CB02D8}.Debug|x86.Build.0 = Debug|Any CPU
		{12EF75D0-E655-4010-ACF2-5E6648CB02D8}.Release|Any CPU.ActiveCfg = Release|Any CPU
		{12EF75D0-E655-4010-ACF2-5E6648CB02D8}.Release|Any CPU.Build.0 = Release|Any CPU
		{12EF75D0-E655-4010-ACF2-5E6648CB02D8}.Release|x64.ActiveCfg = Release|Any CPU
		{12EF75D0-E655-4010-ACF2-5E6648CB02D8}.Release|x64.Build.0 = Release|Any CPU
		{12EF75D0-E655-4010-ACF2-5E6648CB02D8}.Release|x86.ActiveCfg = Release|Any CPU
		{12EF75D0-E655-4010-ACF2-5E6648CB02D8}.Release|x86.Build.0 = Release|Any CPU
		{0EDA967C-6622-49FF-8A74-4FF439B45B0C}.Debug|Any CPU.ActiveCfg = Debug|Any CPU
		{0EDA967C-6622-49FF-8A74-4FF439B45B0C}.Debug|Any CPU.Build.0 = Debug|Any CPU
		{0EDA967C-6622-49FF-8A74-4FF439B45B0C}.Debug|x64.ActiveCfg = Debug|Any CPU
		{0EDA967C-6622-49FF-8A74-4FF439B45B0C}.Debug|x64.Build.0 = Debug|Any CPU
		{0EDA967C-6622-49FF-8A74-4FF439B45B0C}.Debug|x86.ActiveCfg = Debug|Any CPU
		{0EDA967C-6622-49FF-8A74-4FF439B45B0C}.Debug|x86.Build.0 = Debug|Any CPU
		{0EDA967C-6622-49FF-8A74-4FF439B45B0C}.Release|Any CPU.ActiveCfg = Release|Any CPU
		{0EDA967C-6622-49FF-8A74-4FF439B45B0C}.Release|Any CPU.Build.0 = Release|Any CPU
		{0EDA967C-6622-49FF-8A74-4FF439B45B0C}.Release|x64.ActiveCfg = Release|Any CPU
		{0EDA967C-6622-49FF-8A74-4FF439B45B0C}.Release|x64.Build.0 = Release|Any CPU
		{0EDA967C-6622-49FF-8A74-4FF439B45B0C}.Release|x86.ActiveCfg = Release|Any CPU
		{0EDA967C-6622-49FF-8A74-4FF439B45B0C}.Release|x86.Build.0 = Release|Any CPU
		{886A63F5-C07E-45BE-A011-26FD05B7CBBC}.Debug|Any CPU.ActiveCfg = Debug|Any CPU
		{886A63F5-C07E-45BE-A011-26FD05B7CBBC}.Debug|Any CPU.Build.0 = Debug|Any CPU
		{886A63F5-C07E-45BE-A011-26FD05B7CBBC}.Debug|x64.ActiveCfg = Debug|Any CPU
		{886A63F5-C07E-45BE-A011-26FD05B7CBBC}.Debug|x64.Build.0 = Debug|Any CPU
		{886A63F5-C07E-45BE-A011-26FD05B7CBBC}.Debug|x86.ActiveCfg = Debug|Any CPU
		{886A63F5-C07E-45BE-A011-26FD05B7CBBC}.Debug|x86.Build.0 = Debug|Any CPU
		{886A63F5-C07E-45BE-A011-26FD05B7CBBC}.Release|Any CPU.ActiveCfg = Release|Any CPU
		{886A63F5-C07E-45BE-A011-26FD05B7CBBC}.Release|Any CPU.Build.0 = Release|Any CPU
		{886A63F5-C07E-45BE-A011-26FD05B7CBBC}.Release|x64.ActiveCfg = Release|Any CPU
		{886A63F5-C07E-45BE-A011-26FD05B7CBBC}.Release|x64.Build.0 = Release|Any CPU
		{886A63F5-C07E-45BE-A011-26FD05B7CBBC}.Release|x86.ActiveCfg = Release|Any CPU
		{886A63F5-C07E-45BE-A011-26FD05B7CBBC}.Release|x86.Build.0 = Release|Any CPU
		{E020B6C8-C5D9-4060-95C6-D5E4B17B46E5}.Debug|Any CPU.ActiveCfg = Debug|Any CPU
		{E020B6C8-C5D9-4060-95C6-D5E4B17B46E5}.Debug|Any CPU.Build.0 = Debug|Any CPU
		{E020B6C8-C5D9-4060-95C6-D5E4B17B46E5}.Debug|x64.ActiveCfg = Debug|Any CPU
		{E020B6C8-C5D9-4060-95C6-D5E4B17B46E5}.Debug|x64.Build.0 = Debug|Any CPU
		{E020B6C8-C5D9-4060-95C6-D5E4B17B46E5}.Debug|x86.ActiveCfg = Debug|Any CPU
		{E020B6C8-C5D9-4060-95C6-D5E4B17B46E5}.Debug|x86.Build.0 = Debug|Any CPU
		{E020B6C8-C5D9-4060-95C6-D5E4B17B46E5}.Release|Any CPU.ActiveCfg = Release|Any CPU
		{E020B6C8-C5D9-4060-95C6-D5E4B17B46E5}.Release|Any CPU.Build.0 = Release|Any CPU
		{E020B6C8-C5D9-4060-95C6-D5E4B17B46E5}.Release|x64.ActiveCfg = Release|Any CPU
		{E020B6C8-C5D9-4060-95C6-D5E4B17B46E5}.Release|x64.Build.0 = Release|Any CPU
		{E020B6C8-C5D9-4060-95C6-D5E4B17B46E5}.Release|x86.ActiveCfg = Release|Any CPU
		{E020B6C8-C5D9-4060-95C6-D5E4B17B46E5}.Release|x86.Build.0 = Release|Any CPU
		{CA4E04F9-A08E-498F-938E-E41715387243}.Debug|Any CPU.ActiveCfg = Debug|Any CPU
		{CA4E04F9-A08E-498F-938E-E41715387243}.Debug|Any CPU.Build.0 = Debug|Any CPU
		{CA4E04F9-A08E-498F-938E-E41715387243}.Debug|x64.ActiveCfg = Debug|Any CPU
		{CA4E04F9-A08E-498F-938E-E41715387243}.Debug|x64.Build.0 = Debug|Any CPU
		{CA4E04F9-A08E-498F-938E-E41715387243}.Debug|x86.ActiveCfg = Debug|Any CPU
		{CA4E04F9-A08E-498F-938E-E41715387243}.Debug|x86.Build.0 = Debug|Any CPU
		{CA4E04F9-A08E-498F-938E-E41715387243}.Release|Any CPU.ActiveCfg = Release|Any CPU
		{CA4E04F9-A08E-498F-938E-E41715387243}.Release|Any CPU.Build.0 = Release|Any CPU
		{CA4E04F9-A08E-498F-938E-E41715387243}.Release|x64.ActiveCfg = Release|Any CPU
		{CA4E04F9-A08E-498F-938E-E41715387243}.Release|x64.Build.0 = Release|Any CPU
		{CA4E04F9-A08E-498F-938E-E41715387243}.Release|x86.ActiveCfg = Release|Any CPU
		{CA4E04F9-A08E-498F-938E-E41715387243}.Release|x86.Build.0 = Release|Any CPU
		{35914EBD-1FE1-496B-B3DD-66006807469A}.Debug|Any CPU.ActiveCfg = Debug|Any CPU
		{35914EBD-1FE1-496B-B3DD-66006807469A}.Debug|Any CPU.Build.0 = Debug|Any CPU
		{35914EBD-1FE1-496B-B3DD-66006807469A}.Debug|x64.ActiveCfg = Debug|Any CPU
		{35914EBD-1FE1-496B-B3DD-66006807469A}.Debug|x64.Build.0 = Debug|Any CPU
		{35914EBD-1FE1-496B-B3DD-66006807469A}.Debug|x86.ActiveCfg = Debug|Any CPU
		{35914EBD-1FE1-496B-B3DD-66006807469A}.Debug|x86.Build.0 = Debug|Any CPU
		{35914EBD-1FE1-496B-B3DD-66006807469A}.Release|Any CPU.ActiveCfg = Release|Any CPU
		{35914EBD-1FE1-496B-B3DD-66006807469A}.Release|Any CPU.Build.0 = Release|Any CPU
		{35914EBD-1FE1-496B-B3DD-66006807469A}.Release|x64.ActiveCfg = Release|Any CPU
		{35914EBD-1FE1-496B-B3DD-66006807469A}.Release|x64.Build.0 = Release|Any CPU
		{35914EBD-1FE1-496B-B3DD-66006807469A}.Release|x86.ActiveCfg = Release|Any CPU
		{35914EBD-1FE1-496B-B3DD-66006807469A}.Release|x86.Build.0 = Release|Any CPU
		{CE37AB5D-686F-4F8B-A32C-213B01CAB5BC}.Debug|Any CPU.ActiveCfg = Debug|Any CPU
		{CE37AB5D-686F-4F8B-A32C-213B01CAB5BC}.Debug|Any CPU.Build.0 = Debug|Any CPU
		{CE37AB5D-686F-4F8B-A32C-213B01CAB5BC}.Debug|x64.ActiveCfg = Debug|Any CPU
		{CE37AB5D-686F-4F8B-A32C-213B01CAB5BC}.Debug|x64.Build.0 = Debug|Any CPU
		{CE37AB5D-686F-4F8B-A32C-213B01CAB5BC}.Debug|x86.ActiveCfg = Debug|Any CPU
		{CE37AB5D-686F-4F8B-A32C-213B01CAB5BC}.Debug|x86.Build.0 = Debug|Any CPU
		{CE37AB5D-686F-4F8B-A32C-213B01CAB5BC}.Release|Any CPU.ActiveCfg = Release|Any CPU
		{CE37AB5D-686F-4F8B-A32C-213B01CAB5BC}.Release|Any CPU.Build.0 = Release|Any CPU
		{CE37AB5D-686F-4F8B-A32C-213B01CAB5BC}.Release|x64.ActiveCfg = Release|Any CPU
		{CE37AB5D-686F-4F8B-A32C-213B01CAB5BC}.Release|x64.Build.0 = Release|Any CPU
		{CE37AB5D-686F-4F8B-A32C-213B01CAB5BC}.Release|x86.ActiveCfg = Release|Any CPU
		{CE37AB5D-686F-4F8B-A32C-213B01CAB5BC}.Release|x86.Build.0 = Release|Any CPU
		{AAC921FF-C226-4155-B206-F6201308C7D0}.Debug|Any CPU.ActiveCfg = Debug|Any CPU
		{AAC921FF-C226-4155-B206-F6201308C7D0}.Debug|Any CPU.Build.0 = Debug|Any CPU
		{AAC921FF-C226-4155-B206-F6201308C7D0}.Debug|x64.ActiveCfg = Debug|Any CPU
		{AAC921FF-C226-4155-B206-F6201308C7D0}.Debug|x64.Build.0 = Debug|Any CPU
		{AAC921FF-C226-4155-B206-F6201308C7D0}.Debug|x86.ActiveCfg = Debug|Any CPU
		{AAC921FF-C226-4155-B206-F6201308C7D0}.Debug|x86.Build.0 = Debug|Any CPU
		{AAC921FF-C226-4155-B206-F6201308C7D0}.Release|Any CPU.ActiveCfg = Release|Any CPU
		{AAC921FF-C226-4155-B206-F6201308C7D0}.Release|Any CPU.Build.0 = Release|Any CPU
		{AAC921FF-C226-4155-B206-F6201308C7D0}.Release|x64.ActiveCfg = Release|Any CPU
		{AAC921FF-C226-4155-B206-F6201308C7D0}.Release|x64.Build.0 = Release|Any CPU
		{AAC921FF-C226-4155-B206-F6201308C7D0}.Release|x86.ActiveCfg = Release|Any CPU
		{AAC921FF-C226-4155-B206-F6201308C7D0}.Release|x86.Build.0 = Release|Any CPU
		{F724C03D-5257-4BE2-B52C-1E5E9F581709}.Debug|Any CPU.ActiveCfg = Debug|Any CPU
		{F724C03D-5257-4BE2-B52C-1E5E9F581709}.Debug|Any CPU.Build.0 = Debug|Any CPU
		{F724C03D-5257-4BE2-B52C-1E5E9F581709}.Debug|x64.ActiveCfg = Debug|Any CPU
		{F724C03D-5257-4BE2-B52C-1E5E9F581709}.Debug|x64.Build.0 = Debug|Any CPU
		{F724C03D-5257-4BE2-B52C-1E5E9F581709}.Debug|x86.ActiveCfg = Debug|Any CPU
		{F724C03D-5257-4BE2-B52C-1E5E9F581709}.Debug|x86.Build.0 = Debug|Any CPU
		{F724C03D-5257-4BE2-B52C-1E5E9F581709}.Release|Any CPU.ActiveCfg = Release|Any CPU
		{F724C03D-5257-4BE2-B52C-1E5E9F581709}.Release|Any CPU.Build.0 = Release|Any CPU
		{F724C03D-5257-4BE2-B52C-1E5E9F581709}.Release|x64.ActiveCfg = Release|Any CPU
		{F724C03D-5257-4BE2-B52C-1E5E9F581709}.Release|x64.Build.0 = Release|Any CPU
		{F724C03D-5257-4BE2-B52C-1E5E9F581709}.Release|x86.ActiveCfg = Release|Any CPU
		{F724C03D-5257-4BE2-B52C-1E5E9F581709}.Release|x86.Build.0 = Release|Any CPU
		{9E80FD03-E7E7-409B-AB7E-61E54B64E8FB}.Debug|Any CPU.ActiveCfg = Debug|Any CPU
		{9E80FD03-E7E7-409B-AB7E-61E54B64E8FB}.Debug|Any CPU.Build.0 = Debug|Any CPU
		{9E80FD03-E7E7-409B-AB7E-61E54B64E8FB}.Debug|x64.ActiveCfg = Debug|Any CPU
		{9E80FD03-E7E7-409B-AB7E-61E54B64E8FB}.Debug|x64.Build.0 = Debug|Any CPU
		{9E80FD03-E7E7-409B-AB7E-61E54B64E8FB}.Debug|x86.ActiveCfg = Debug|Any CPU
		{9E80FD03-E7E7-409B-AB7E-61E54B64E8FB}.Debug|x86.Build.0 = Debug|Any CPU
		{9E80FD03-E7E7-409B-AB7E-61E54B64E8FB}.Release|Any CPU.ActiveCfg = Release|Any CPU
		{9E80FD03-E7E7-409B-AB7E-61E54B64E8FB}.Release|Any CPU.Build.0 = Release|Any CPU
		{9E80FD03-E7E7-409B-AB7E-61E54B64E8FB}.Release|x64.ActiveCfg = Release|Any CPU
		{9E80FD03-E7E7-409B-AB7E-61E54B64E8FB}.Release|x64.Build.0 = Release|Any CPU
		{9E80FD03-E7E7-409B-AB7E-61E54B64E8FB}.Release|x86.ActiveCfg = Release|Any CPU
		{9E80FD03-E7E7-409B-AB7E-61E54B64E8FB}.Release|x86.Build.0 = Release|Any CPU
		{F11A4C7F-6261-446F-8B64-35489FBBD5D3}.Debug|Any CPU.ActiveCfg = Debug|Any CPU
		{F11A4C7F-6261-446F-8B64-35489FBBD5D3}.Debug|Any CPU.Build.0 = Debug|Any CPU
		{F11A4C7F-6261-446F-8B64-35489FBBD5D3}.Debug|x64.ActiveCfg = Debug|Any CPU
		{F11A4C7F-6261-446F-8B64-35489FBBD5D3}.Debug|x64.Build.0 = Debug|Any CPU
		{F11A4C7F-6261-446F-8B64-35489FBBD5D3}.Debug|x86.ActiveCfg = Debug|Any CPU
		{F11A4C7F-6261-446F-8B64-35489FBBD5D3}.Debug|x86.Build.0 = Debug|Any CPU
		{F11A4C7F-6261-446F-8B64-35489FBBD5D3}.Release|Any CPU.ActiveCfg = Release|Any CPU
		{F11A4C7F-6261-446F-8B64-35489FBBD5D3}.Release|Any CPU.Build.0 = Release|Any CPU
		{F11A4C7F-6261-446F-8B64-35489FBBD5D3}.Release|x64.ActiveCfg = Release|Any CPU
		{F11A4C7F-6261-446F-8B64-35489FBBD5D3}.Release|x64.Build.0 = Release|Any CPU
		{F11A4C7F-6261-446F-8B64-35489FBBD5D3}.Release|x86.ActiveCfg = Release|Any CPU
		{F11A4C7F-6261-446F-8B64-35489FBBD5D3}.Release|x86.Build.0 = Release|Any CPU
		{132A271B-EAF9-431E-A1F3-189850E91070}.Debug|Any CPU.ActiveCfg = Debug|Any CPU
		{132A271B-EAF9-431E-A1F3-189850E91070}.Debug|Any CPU.Build.0 = Debug|Any CPU
		{132A271B-EAF9-431E-A1F3-189850E91070}.Debug|x64.ActiveCfg = Debug|Any CPU
		{132A271B-EAF9-431E-A1F3-189850E91070}.Debug|x64.Build.0 = Debug|Any CPU
		{132A271B-EAF9-431E-A1F3-189850E91070}.Debug|x86.ActiveCfg = Debug|Any CPU
		{132A271B-EAF9-431E-A1F3-189850E91070}.Debug|x86.Build.0 = Debug|Any CPU
		{132A271B-EAF9-431E-A1F3-189850E91070}.Release|Any CPU.ActiveCfg = Release|Any CPU
		{132A271B-EAF9-431E-A1F3-189850E91070}.Release|Any CPU.Build.0 = Release|Any CPU
		{132A271B-EAF9-431E-A1F3-189850E91070}.Release|x64.ActiveCfg = Release|Any CPU
		{132A271B-EAF9-431E-A1F3-189850E91070}.Release|x64.Build.0 = Release|Any CPU
		{132A271B-EAF9-431E-A1F3-189850E91070}.Release|x86.ActiveCfg = Release|Any CPU
		{132A271B-EAF9-431E-A1F3-189850E91070}.Release|x86.Build.0 = Release|Any CPU
		{407BD98C-D16B-4B2F-8146-5BB138B04A7B}.Debug|Any CPU.ActiveCfg = Debug|Any CPU
		{407BD98C-D16B-4B2F-8146-5BB138B04A7B}.Debug|Any CPU.Build.0 = Debug|Any CPU
		{407BD98C-D16B-4B2F-8146-5BB138B04A7B}.Debug|x64.ActiveCfg = Debug|Any CPU
		{407BD98C-D16B-4B2F-8146-5BB138B04A7B}.Debug|x64.Build.0 = Debug|Any CPU
		{407BD98C-D16B-4B2F-8146-5BB138B04A7B}.Debug|x86.ActiveCfg = Debug|Any CPU
		{407BD98C-D16B-4B2F-8146-5BB138B04A7B}.Debug|x86.Build.0 = Debug|Any CPU
		{407BD98C-D16B-4B2F-8146-5BB138B04A7B}.Release|Any CPU.ActiveCfg = Release|Any CPU
		{407BD98C-D16B-4B2F-8146-5BB138B04A7B}.Release|Any CPU.Build.0 = Release|Any CPU
		{407BD98C-D16B-4B2F-8146-5BB138B04A7B}.Release|x64.ActiveCfg = Release|Any CPU
		{407BD98C-D16B-4B2F-8146-5BB138B04A7B}.Release|x64.Build.0 = Release|Any CPU
		{407BD98C-D16B-4B2F-8146-5BB138B04A7B}.Release|x86.ActiveCfg = Release|Any CPU
		{407BD98C-D16B-4B2F-8146-5BB138B04A7B}.Release|x86.Build.0 = Release|Any CPU
		{B987051E-FB16-4184-ABF3-07DDDAD36AC8}.Debug|Any CPU.ActiveCfg = Debug|Any CPU
		{B987051E-FB16-4184-ABF3-07DDDAD36AC8}.Debug|Any CPU.Build.0 = Debug|Any CPU
		{B987051E-FB16-4184-ABF3-07DDDAD36AC8}.Debug|x64.ActiveCfg = Debug|Any CPU
		{B987051E-FB16-4184-ABF3-07DDDAD36AC8}.Debug|x64.Build.0 = Debug|Any CPU
		{B987051E-FB16-4184-ABF3-07DDDAD36AC8}.Debug|x86.ActiveCfg = Debug|Any CPU
		{B987051E-FB16-4184-ABF3-07DDDAD36AC8}.Debug|x86.Build.0 = Debug|Any CPU
		{B987051E-FB16-4184-ABF3-07DDDAD36AC8}.Release|Any CPU.ActiveCfg = Release|Any CPU
		{B987051E-FB16-4184-ABF3-07DDDAD36AC8}.Release|Any CPU.Build.0 = Release|Any CPU
		{B987051E-FB16-4184-ABF3-07DDDAD36AC8}.Release|x64.ActiveCfg = Release|Any CPU
		{B987051E-FB16-4184-ABF3-07DDDAD36AC8}.Release|x64.Build.0 = Release|Any CPU
		{B987051E-FB16-4184-ABF3-07DDDAD36AC8}.Release|x86.ActiveCfg = Release|Any CPU
		{B987051E-FB16-4184-ABF3-07DDDAD36AC8}.Release|x86.Build.0 = Release|Any CPU
		{D643AF86-A755-4160-8790-5BC42A81C48D}.Debug|Any CPU.ActiveCfg = Debug|Any CPU
		{D643AF86-A755-4160-8790-5BC42A81C48D}.Debug|Any CPU.Build.0 = Debug|Any CPU
		{D643AF86-A755-4160-8790-5BC42A81C48D}.Debug|x64.ActiveCfg = Debug|Any CPU
		{D643AF86-A755-4160-8790-5BC42A81C48D}.Debug|x64.Build.0 = Debug|Any CPU
		{D643AF86-A755-4160-8790-5BC42A81C48D}.Debug|x86.ActiveCfg = Debug|Any CPU
		{D643AF86-A755-4160-8790-5BC42A81C48D}.Debug|x86.Build.0 = Debug|Any CPU
		{D643AF86-A755-4160-8790-5BC42A81C48D}.Release|Any CPU.ActiveCfg = Release|Any CPU
		{D643AF86-A755-4160-8790-5BC42A81C48D}.Release|Any CPU.Build.0 = Release|Any CPU
		{D643AF86-A755-4160-8790-5BC42A81C48D}.Release|x64.ActiveCfg = Release|Any CPU
		{D643AF86-A755-4160-8790-5BC42A81C48D}.Release|x64.Build.0 = Release|Any CPU
		{D643AF86-A755-4160-8790-5BC42A81C48D}.Release|x86.ActiveCfg = Release|Any CPU
		{D643AF86-A755-4160-8790-5BC42A81C48D}.Release|x86.Build.0 = Release|Any CPU
		{554E455B-BDE9-4553-93D5-AA9704FC5B9B}.Debug|Any CPU.ActiveCfg = Debug|Any CPU
		{554E455B-BDE9-4553-93D5-AA9704FC5B9B}.Debug|Any CPU.Build.0 = Debug|Any CPU
		{554E455B-BDE9-4553-93D5-AA9704FC5B9B}.Debug|x64.ActiveCfg = Debug|Any CPU
		{554E455B-BDE9-4553-93D5-AA9704FC5B9B}.Debug|x64.Build.0 = Debug|Any CPU
		{554E455B-BDE9-4553-93D5-AA9704FC5B9B}.Debug|x86.ActiveCfg = Debug|Any CPU
		{554E455B-BDE9-4553-93D5-AA9704FC5B9B}.Debug|x86.Build.0 = Debug|Any CPU
		{554E455B-BDE9-4553-93D5-AA9704FC5B9B}.Release|Any CPU.ActiveCfg = Release|Any CPU
		{554E455B-BDE9-4553-93D5-AA9704FC5B9B}.Release|Any CPU.Build.0 = Release|Any CPU
		{554E455B-BDE9-4553-93D5-AA9704FC5B9B}.Release|x64.ActiveCfg = Release|Any CPU
		{554E455B-BDE9-4553-93D5-AA9704FC5B9B}.Release|x64.Build.0 = Release|Any CPU
		{554E455B-BDE9-4553-93D5-AA9704FC5B9B}.Release|x86.ActiveCfg = Release|Any CPU
		{554E455B-BDE9-4553-93D5-AA9704FC5B9B}.Release|x86.Build.0 = Release|Any CPU
		{5F9BB890-7CE9-4FFF-8D81-4DBEFBC7E681}.Debug|Any CPU.ActiveCfg = Debug|Any CPU
		{5F9BB890-7CE9-4FFF-8D81-4DBEFBC7E681}.Debug|Any CPU.Build.0 = Debug|Any CPU
		{5F9BB890-7CE9-4FFF-8D81-4DBEFBC7E681}.Debug|x64.ActiveCfg = Debug|Any CPU
		{5F9BB890-7CE9-4FFF-8D81-4DBEFBC7E681}.Debug|x64.Build.0 = Debug|Any CPU
		{5F9BB890-7CE9-4FFF-8D81-4DBEFBC7E681}.Debug|x86.ActiveCfg = Debug|Any CPU
		{5F9BB890-7CE9-4FFF-8D81-4DBEFBC7E681}.Debug|x86.Build.0 = Debug|Any CPU
		{5F9BB890-7CE9-4FFF-8D81-4DBEFBC7E681}.Release|Any CPU.ActiveCfg = Release|Any CPU
		{5F9BB890-7CE9-4FFF-8D81-4DBEFBC7E681}.Release|Any CPU.Build.0 = Release|Any CPU
		{5F9BB890-7CE9-4FFF-8D81-4DBEFBC7E681}.Release|x64.ActiveCfg = Release|Any CPU
		{5F9BB890-7CE9-4FFF-8D81-4DBEFBC7E681}.Release|x64.Build.0 = Release|Any CPU
		{5F9BB890-7CE9-4FFF-8D81-4DBEFBC7E681}.Release|x86.ActiveCfg = Release|Any CPU
		{5F9BB890-7CE9-4FFF-8D81-4DBEFBC7E681}.Release|x86.Build.0 = Release|Any CPU
		{1B7357B2-61DF-4922-BF70-FD72E9257B3F}.Debug|Any CPU.ActiveCfg = Debug|Any CPU
		{1B7357B2-61DF-4922-BF70-FD72E9257B3F}.Debug|Any CPU.Build.0 = Debug|Any CPU
		{1B7357B2-61DF-4922-BF70-FD72E9257B3F}.Debug|x64.ActiveCfg = Debug|Any CPU
		{1B7357B2-61DF-4922-BF70-FD72E9257B3F}.Debug|x64.Build.0 = Debug|Any CPU
		{1B7357B2-61DF-4922-BF70-FD72E9257B3F}.Debug|x86.ActiveCfg = Debug|Any CPU
		{1B7357B2-61DF-4922-BF70-FD72E9257B3F}.Debug|x86.Build.0 = Debug|Any CPU
		{1B7357B2-61DF-4922-BF70-FD72E9257B3F}.Release|Any CPU.ActiveCfg = Release|Any CPU
		{1B7357B2-61DF-4922-BF70-FD72E9257B3F}.Release|Any CPU.Build.0 = Release|Any CPU
		{1B7357B2-61DF-4922-BF70-FD72E9257B3F}.Release|x64.ActiveCfg = Release|Any CPU
		{1B7357B2-61DF-4922-BF70-FD72E9257B3F}.Release|x64.Build.0 = Release|Any CPU
		{1B7357B2-61DF-4922-BF70-FD72E9257B3F}.Release|x86.ActiveCfg = Release|Any CPU
		{1B7357B2-61DF-4922-BF70-FD72E9257B3F}.Release|x86.Build.0 = Release|Any CPU
		{E5A298A3-F9C0-4333-826A-C28949D9FA8F}.Debug|Any CPU.ActiveCfg = Debug|Any CPU
		{E5A298A3-F9C0-4333-826A-C28949D9FA8F}.Debug|Any CPU.Build.0 = Debug|Any CPU
		{E5A298A3-F9C0-4333-826A-C28949D9FA8F}.Debug|x64.ActiveCfg = Debug|Any CPU
		{E5A298A3-F9C0-4333-826A-C28949D9FA8F}.Debug|x64.Build.0 = Debug|Any CPU
		{E5A298A3-F9C0-4333-826A-C28949D9FA8F}.Debug|x86.ActiveCfg = Debug|Any CPU
		{E5A298A3-F9C0-4333-826A-C28949D9FA8F}.Debug|x86.Build.0 = Debug|Any CPU
		{E5A298A3-F9C0-4333-826A-C28949D9FA8F}.Release|Any CPU.ActiveCfg = Release|Any CPU
		{E5A298A3-F9C0-4333-826A-C28949D9FA8F}.Release|Any CPU.Build.0 = Release|Any CPU
		{E5A298A3-F9C0-4333-826A-C28949D9FA8F}.Release|x64.ActiveCfg = Release|Any CPU
		{E5A298A3-F9C0-4333-826A-C28949D9FA8F}.Release|x64.Build.0 = Release|Any CPU
		{E5A298A3-F9C0-4333-826A-C28949D9FA8F}.Release|x86.ActiveCfg = Release|Any CPU
		{E5A298A3-F9C0-4333-826A-C28949D9FA8F}.Release|x86.Build.0 = Release|Any CPU
		{93E84A92-5340-4085-99BF-A9AFA6FD405D}.Debug|Any CPU.ActiveCfg = Debug|Any CPU
		{93E84A92-5340-4085-99BF-A9AFA6FD405D}.Debug|Any CPU.Build.0 = Debug|Any CPU
		{93E84A92-5340-4085-99BF-A9AFA6FD405D}.Debug|x64.ActiveCfg = Debug|Any CPU
		{93E84A92-5340-4085-99BF-A9AFA6FD405D}.Debug|x64.Build.0 = Debug|Any CPU
		{93E84A92-5340-4085-99BF-A9AFA6FD405D}.Debug|x86.ActiveCfg = Debug|Any CPU
		{93E84A92-5340-4085-99BF-A9AFA6FD405D}.Debug|x86.Build.0 = Debug|Any CPU
		{93E84A92-5340-4085-99BF-A9AFA6FD405D}.Release|Any CPU.ActiveCfg = Release|Any CPU
		{93E84A92-5340-4085-99BF-A9AFA6FD405D}.Release|Any CPU.Build.0 = Release|Any CPU
		{93E84A92-5340-4085-99BF-A9AFA6FD405D}.Release|x64.ActiveCfg = Release|Any CPU
		{93E84A92-5340-4085-99BF-A9AFA6FD405D}.Release|x64.Build.0 = Release|Any CPU
		{93E84A92-5340-4085-99BF-A9AFA6FD405D}.Release|x86.ActiveCfg = Release|Any CPU
		{93E84A92-5340-4085-99BF-A9AFA6FD405D}.Release|x86.Build.0 = Release|Any CPU
		{C9FA93C0-7E72-41B6-B83D-13190DD37552}.Debug|Any CPU.ActiveCfg = Debug|Any CPU
		{C9FA93C0-7E72-41B6-B83D-13190DD37552}.Debug|Any CPU.Build.0 = Debug|Any CPU
		{C9FA93C0-7E72-41B6-B83D-13190DD37552}.Debug|x64.ActiveCfg = Debug|Any CPU
		{C9FA93C0-7E72-41B6-B83D-13190DD37552}.Debug|x64.Build.0 = Debug|Any CPU
		{C9FA93C0-7E72-41B6-B83D-13190DD37552}.Debug|x86.ActiveCfg = Debug|Any CPU
		{C9FA93C0-7E72-41B6-B83D-13190DD37552}.Debug|x86.Build.0 = Debug|Any CPU
		{C9FA93C0-7E72-41B6-B83D-13190DD37552}.Release|Any CPU.ActiveCfg = Release|Any CPU
		{C9FA93C0-7E72-41B6-B83D-13190DD37552}.Release|Any CPU.Build.0 = Release|Any CPU
		{C9FA93C0-7E72-41B6-B83D-13190DD37552}.Release|x64.ActiveCfg = Release|Any CPU
		{C9FA93C0-7E72-41B6-B83D-13190DD37552}.Release|x64.Build.0 = Release|Any CPU
		{C9FA93C0-7E72-41B6-B83D-13190DD37552}.Release|x86.ActiveCfg = Release|Any CPU
		{C9FA93C0-7E72-41B6-B83D-13190DD37552}.Release|x86.Build.0 = Release|Any CPU
		{84472E69-2739-43C2-8D05-2B60BA03E80D}.Debug|Any CPU.ActiveCfg = Debug|Any CPU
		{84472E69-2739-43C2-8D05-2B60BA03E80D}.Debug|Any CPU.Build.0 = Debug|Any CPU
		{84472E69-2739-43C2-8D05-2B60BA03E80D}.Debug|x64.ActiveCfg = Debug|Any CPU
		{84472E69-2739-43C2-8D05-2B60BA03E80D}.Debug|x64.Build.0 = Debug|Any CPU
		{84472E69-2739-43C2-8D05-2B60BA03E80D}.Debug|x86.ActiveCfg = Debug|Any CPU
		{84472E69-2739-43C2-8D05-2B60BA03E80D}.Debug|x86.Build.0 = Debug|Any CPU
		{84472E69-2739-43C2-8D05-2B60BA03E80D}.Release|Any CPU.ActiveCfg = Release|Any CPU
		{84472E69-2739-43C2-8D05-2B60BA03E80D}.Release|Any CPU.Build.0 = Release|Any CPU
		{84472E69-2739-43C2-8D05-2B60BA03E80D}.Release|x64.ActiveCfg = Release|Any CPU
		{84472E69-2739-43C2-8D05-2B60BA03E80D}.Release|x64.Build.0 = Release|Any CPU
		{84472E69-2739-43C2-8D05-2B60BA03E80D}.Release|x86.ActiveCfg = Release|Any CPU
		{84472E69-2739-43C2-8D05-2B60BA03E80D}.Release|x86.Build.0 = Release|Any CPU
		{372DB625-79C3-45D1-BD43-B546A0552DE0}.Debug|Any CPU.ActiveCfg = Debug|Any CPU
		{372DB625-79C3-45D1-BD43-B546A0552DE0}.Debug|Any CPU.Build.0 = Debug|Any CPU
		{372DB625-79C3-45D1-BD43-B546A0552DE0}.Debug|x64.ActiveCfg = Debug|Any CPU
		{372DB625-79C3-45D1-BD43-B546A0552DE0}.Debug|x64.Build.0 = Debug|Any CPU
		{372DB625-79C3-45D1-BD43-B546A0552DE0}.Debug|x86.ActiveCfg = Debug|Any CPU
		{372DB625-79C3-45D1-BD43-B546A0552DE0}.Debug|x86.Build.0 = Debug|Any CPU
		{372DB625-79C3-45D1-BD43-B546A0552DE0}.Release|Any CPU.ActiveCfg = Release|Any CPU
		{372DB625-79C3-45D1-BD43-B546A0552DE0}.Release|Any CPU.Build.0 = Release|Any CPU
		{372DB625-79C3-45D1-BD43-B546A0552DE0}.Release|x64.ActiveCfg = Release|Any CPU
		{372DB625-79C3-45D1-BD43-B546A0552DE0}.Release|x64.Build.0 = Release|Any CPU
		{372DB625-79C3-45D1-BD43-B546A0552DE0}.Release|x86.ActiveCfg = Release|Any CPU
		{372DB625-79C3-45D1-BD43-B546A0552DE0}.Release|x86.Build.0 = Release|Any CPU
		{CDFD5C02-A021-43B7-BE42-D0E0F1A5E116}.Debug|Any CPU.ActiveCfg = Debug|Any CPU
		{CDFD5C02-A021-43B7-BE42-D0E0F1A5E116}.Debug|Any CPU.Build.0 = Debug|Any CPU
		{CDFD5C02-A021-43B7-BE42-D0E0F1A5E116}.Debug|x64.ActiveCfg = Debug|Any CPU
		{CDFD5C02-A021-43B7-BE42-D0E0F1A5E116}.Debug|x64.Build.0 = Debug|Any CPU
		{CDFD5C02-A021-43B7-BE42-D0E0F1A5E116}.Debug|x86.ActiveCfg = Debug|Any CPU
		{CDFD5C02-A021-43B7-BE42-D0E0F1A5E116}.Debug|x86.Build.0 = Debug|Any CPU
		{CDFD5C02-A021-43B7-BE42-D0E0F1A5E116}.Release|Any CPU.ActiveCfg = Release|Any CPU
		{CDFD5C02-A021-43B7-BE42-D0E0F1A5E116}.Release|Any CPU.Build.0 = Release|Any CPU
		{CDFD5C02-A021-43B7-BE42-D0E0F1A5E116}.Release|x64.ActiveCfg = Release|Any CPU
		{CDFD5C02-A021-43B7-BE42-D0E0F1A5E116}.Release|x64.Build.0 = Release|Any CPU
		{CDFD5C02-A021-43B7-BE42-D0E0F1A5E116}.Release|x86.ActiveCfg = Release|Any CPU
		{CDFD5C02-A021-43B7-BE42-D0E0F1A5E116}.Release|x86.Build.0 = Release|Any CPU
		{5E93D705-CA6D-4762-981F-C5AF237B9976}.Debug|Any CPU.ActiveCfg = Debug|Any CPU
		{5E93D705-CA6D-4762-981F-C5AF237B9976}.Debug|Any CPU.Build.0 = Debug|Any CPU
		{5E93D705-CA6D-4762-981F-C5AF237B9976}.Debug|x64.ActiveCfg = Debug|Any CPU
		{5E93D705-CA6D-4762-981F-C5AF237B9976}.Debug|x64.Build.0 = Debug|Any CPU
		{5E93D705-CA6D-4762-981F-C5AF237B9976}.Debug|x86.ActiveCfg = Debug|Any CPU
		{5E93D705-CA6D-4762-981F-C5AF237B9976}.Debug|x86.Build.0 = Debug|Any CPU
		{5E93D705-CA6D-4762-981F-C5AF237B9976}.Release|Any CPU.ActiveCfg = Release|Any CPU
		{5E93D705-CA6D-4762-981F-C5AF237B9976}.Release|Any CPU.Build.0 = Release|Any CPU
		{5E93D705-CA6D-4762-981F-C5AF237B9976}.Release|x64.ActiveCfg = Release|Any CPU
		{5E93D705-CA6D-4762-981F-C5AF237B9976}.Release|x64.Build.0 = Release|Any CPU
		{5E93D705-CA6D-4762-981F-C5AF237B9976}.Release|x86.ActiveCfg = Release|Any CPU
		{5E93D705-CA6D-4762-981F-C5AF237B9976}.Release|x86.Build.0 = Release|Any CPU
		{8885253A-149A-46CD-BA69-85ADD02D0A40}.Debug|Any CPU.ActiveCfg = Debug|Any CPU
		{8885253A-149A-46CD-BA69-85ADD02D0A40}.Debug|Any CPU.Build.0 = Debug|Any CPU
		{8885253A-149A-46CD-BA69-85ADD02D0A40}.Debug|x64.ActiveCfg = Debug|Any CPU
		{8885253A-149A-46CD-BA69-85ADD02D0A40}.Debug|x64.Build.0 = Debug|Any CPU
		{8885253A-149A-46CD-BA69-85ADD02D0A40}.Debug|x86.ActiveCfg = Debug|Any CPU
		{8885253A-149A-46CD-BA69-85ADD02D0A40}.Debug|x86.Build.0 = Debug|Any CPU
		{8885253A-149A-46CD-BA69-85ADD02D0A40}.Release|Any CPU.ActiveCfg = Release|Any CPU
		{8885253A-149A-46CD-BA69-85ADD02D0A40}.Release|Any CPU.Build.0 = Release|Any CPU
		{8885253A-149A-46CD-BA69-85ADD02D0A40}.Release|x64.ActiveCfg = Release|Any CPU
		{8885253A-149A-46CD-BA69-85ADD02D0A40}.Release|x64.Build.0 = Release|Any CPU
		{8885253A-149A-46CD-BA69-85ADD02D0A40}.Release|x86.ActiveCfg = Release|Any CPU
		{8885253A-149A-46CD-BA69-85ADD02D0A40}.Release|x86.Build.0 = Release|Any CPU
		{98FE834D-6DE5-480A-BC6E-BCD30EFA0276}.Debug|Any CPU.ActiveCfg = Debug|Any CPU
		{98FE834D-6DE5-480A-BC6E-BCD30EFA0276}.Debug|Any CPU.Build.0 = Debug|Any CPU
		{98FE834D-6DE5-480A-BC6E-BCD30EFA0276}.Debug|x64.ActiveCfg = Debug|Any CPU
		{98FE834D-6DE5-480A-BC6E-BCD30EFA0276}.Debug|x64.Build.0 = Debug|Any CPU
		{98FE834D-6DE5-480A-BC6E-BCD30EFA0276}.Debug|x86.ActiveCfg = Debug|Any CPU
		{98FE834D-6DE5-480A-BC6E-BCD30EFA0276}.Debug|x86.Build.0 = Debug|Any CPU
		{98FE834D-6DE5-480A-BC6E-BCD30EFA0276}.Release|Any CPU.ActiveCfg = Release|Any CPU
		{98FE834D-6DE5-480A-BC6E-BCD30EFA0276}.Release|Any CPU.Build.0 = Release|Any CPU
		{98FE834D-6DE5-480A-BC6E-BCD30EFA0276}.Release|x64.ActiveCfg = Release|Any CPU
		{98FE834D-6DE5-480A-BC6E-BCD30EFA0276}.Release|x64.Build.0 = Release|Any CPU
		{98FE834D-6DE5-480A-BC6E-BCD30EFA0276}.Release|x86.ActiveCfg = Release|Any CPU
		{98FE834D-6DE5-480A-BC6E-BCD30EFA0276}.Release|x86.Build.0 = Release|Any CPU
		{B8635143-0E07-4422-B313-39EDE0FB686E}.Debug|Any CPU.ActiveCfg = Debug|Any CPU
		{B8635143-0E07-4422-B313-39EDE0FB686E}.Debug|Any CPU.Build.0 = Debug|Any CPU
		{B8635143-0E07-4422-B313-39EDE0FB686E}.Debug|x64.ActiveCfg = Debug|Any CPU
		{B8635143-0E07-4422-B313-39EDE0FB686E}.Debug|x64.Build.0 = Debug|Any CPU
		{B8635143-0E07-4422-B313-39EDE0FB686E}.Debug|x86.ActiveCfg = Debug|Any CPU
		{B8635143-0E07-4422-B313-39EDE0FB686E}.Debug|x86.Build.0 = Debug|Any CPU
		{B8635143-0E07-4422-B313-39EDE0FB686E}.Release|Any CPU.ActiveCfg = Release|Any CPU
		{B8635143-0E07-4422-B313-39EDE0FB686E}.Release|Any CPU.Build.0 = Release|Any CPU
		{B8635143-0E07-4422-B313-39EDE0FB686E}.Release|x64.ActiveCfg = Release|Any CPU
		{B8635143-0E07-4422-B313-39EDE0FB686E}.Release|x64.Build.0 = Release|Any CPU
		{B8635143-0E07-4422-B313-39EDE0FB686E}.Release|x86.ActiveCfg = Release|Any CPU
		{B8635143-0E07-4422-B313-39EDE0FB686E}.Release|x86.Build.0 = Release|Any CPU
		{2ABA9C4F-EBF7-47D7-918E-C23CC135EB15}.Debug|Any CPU.ActiveCfg = Debug|Win32
		{2ABA9C4F-EBF7-47D7-918E-C23CC135EB15}.Debug|x64.ActiveCfg = Debug|x64
		{2ABA9C4F-EBF7-47D7-918E-C23CC135EB15}.Debug|x64.Build.0 = Debug|x64
		{2ABA9C4F-EBF7-47D7-918E-C23CC135EB15}.Debug|x86.ActiveCfg = Debug|Win32
		{2ABA9C4F-EBF7-47D7-918E-C23CC135EB15}.Debug|x86.Build.0 = Debug|Win32
		{2ABA9C4F-EBF7-47D7-918E-C23CC135EB15}.Release|Any CPU.ActiveCfg = Release|Win32
		{2ABA9C4F-EBF7-47D7-918E-C23CC135EB15}.Release|x64.ActiveCfg = Release|x64
		{2ABA9C4F-EBF7-47D7-918E-C23CC135EB15}.Release|x64.Build.0 = Release|x64
		{2ABA9C4F-EBF7-47D7-918E-C23CC135EB15}.Release|x86.ActiveCfg = Release|Win32
		{2ABA9C4F-EBF7-47D7-918E-C23CC135EB15}.Release|x86.Build.0 = Release|Win32
		{FD1F9C06-C043-41E0-B24C-F2F9F38DEA7D}.Debug|Any CPU.ActiveCfg = Debug|Any CPU
		{FD1F9C06-C043-41E0-B24C-F2F9F38DEA7D}.Debug|Any CPU.Build.0 = Debug|Any CPU
		{FD1F9C06-C043-41E0-B24C-F2F9F38DEA7D}.Debug|x64.ActiveCfg = Debug|Any CPU
		{FD1F9C06-C043-41E0-B24C-F2F9F38DEA7D}.Debug|x64.Build.0 = Debug|Any CPU
		{FD1F9C06-C043-41E0-B24C-F2F9F38DEA7D}.Debug|x86.ActiveCfg = Debug|Any CPU
		{FD1F9C06-C043-41E0-B24C-F2F9F38DEA7D}.Debug|x86.Build.0 = Debug|Any CPU
		{FD1F9C06-C043-41E0-B24C-F2F9F38DEA7D}.Release|Any CPU.ActiveCfg = Release|Any CPU
		{FD1F9C06-C043-41E0-B24C-F2F9F38DEA7D}.Release|Any CPU.Build.0 = Release|Any CPU
		{FD1F9C06-C043-41E0-B24C-F2F9F38DEA7D}.Release|x64.ActiveCfg = Release|Any CPU
		{FD1F9C06-C043-41E0-B24C-F2F9F38DEA7D}.Release|x64.Build.0 = Release|Any CPU
		{FD1F9C06-C043-41E0-B24C-F2F9F38DEA7D}.Release|x86.ActiveCfg = Release|Any CPU
		{FD1F9C06-C043-41E0-B24C-F2F9F38DEA7D}.Release|x86.Build.0 = Release|Any CPU
		{6E79FE2D-1E1F-4830-B61A-43DB9B9063A4}.Debug|Any CPU.ActiveCfg = Debug|Any CPU
		{6E79FE2D-1E1F-4830-B61A-43DB9B9063A4}.Debug|Any CPU.Build.0 = Debug|Any CPU
		{6E79FE2D-1E1F-4830-B61A-43DB9B9063A4}.Debug|x64.ActiveCfg = Debug|Any CPU
		{6E79FE2D-1E1F-4830-B61A-43DB9B9063A4}.Debug|x64.Build.0 = Debug|Any CPU
		{6E79FE2D-1E1F-4830-B61A-43DB9B9063A4}.Debug|x86.ActiveCfg = Debug|Any CPU
		{6E79FE2D-1E1F-4830-B61A-43DB9B9063A4}.Debug|x86.Build.0 = Debug|Any CPU
		{6E79FE2D-1E1F-4830-B61A-43DB9B9063A4}.Release|Any CPU.ActiveCfg = Release|Any CPU
		{6E79FE2D-1E1F-4830-B61A-43DB9B9063A4}.Release|Any CPU.Build.0 = Release|Any CPU
		{6E79FE2D-1E1F-4830-B61A-43DB9B9063A4}.Release|x64.ActiveCfg = Release|Any CPU
		{6E79FE2D-1E1F-4830-B61A-43DB9B9063A4}.Release|x64.Build.0 = Release|Any CPU
		{6E79FE2D-1E1F-4830-B61A-43DB9B9063A4}.Release|x86.ActiveCfg = Release|Any CPU
		{6E79FE2D-1E1F-4830-B61A-43DB9B9063A4}.Release|x86.Build.0 = Release|Any CPU
		{E28E3C88-0970-4FA6-941B-617BBBF8A6DA}.Debug|Any CPU.ActiveCfg = Debug|Any CPU
		{E28E3C88-0970-4FA6-941B-617BBBF8A6DA}.Debug|Any CPU.Build.0 = Debug|Any CPU
		{E28E3C88-0970-4FA6-941B-617BBBF8A6DA}.Debug|x64.ActiveCfg = Debug|Any CPU
		{E28E3C88-0970-4FA6-941B-617BBBF8A6DA}.Debug|x64.Build.0 = Debug|Any CPU
		{E28E3C88-0970-4FA6-941B-617BBBF8A6DA}.Debug|x86.ActiveCfg = Debug|Any CPU
		{E28E3C88-0970-4FA6-941B-617BBBF8A6DA}.Debug|x86.Build.0 = Debug|Any CPU
		{E28E3C88-0970-4FA6-941B-617BBBF8A6DA}.Release|Any CPU.ActiveCfg = Release|Any CPU
		{E28E3C88-0970-4FA6-941B-617BBBF8A6DA}.Release|Any CPU.Build.0 = Release|Any CPU
		{E28E3C88-0970-4FA6-941B-617BBBF8A6DA}.Release|x64.ActiveCfg = Release|Any CPU
		{E28E3C88-0970-4FA6-941B-617BBBF8A6DA}.Release|x64.Build.0 = Release|Any CPU
		{E28E3C88-0970-4FA6-941B-617BBBF8A6DA}.Release|x86.ActiveCfg = Release|Any CPU
		{E28E3C88-0970-4FA6-941B-617BBBF8A6DA}.Release|x86.Build.0 = Release|Any CPU
		{6CFADB0D-FBC7-4143-B8F4-A034FC8E5A4F}.Debug|Any CPU.ActiveCfg = Debug|Any CPU
		{6CFADB0D-FBC7-4143-B8F4-A034FC8E5A4F}.Debug|Any CPU.Build.0 = Debug|Any CPU
		{6CFADB0D-FBC7-4143-B8F4-A034FC8E5A4F}.Debug|x64.ActiveCfg = Debug|Any CPU
		{6CFADB0D-FBC7-4143-B8F4-A034FC8E5A4F}.Debug|x64.Build.0 = Debug|Any CPU
		{6CFADB0D-FBC7-4143-B8F4-A034FC8E5A4F}.Debug|x86.ActiveCfg = Debug|Any CPU
		{6CFADB0D-FBC7-4143-B8F4-A034FC8E5A4F}.Debug|x86.Build.0 = Debug|Any CPU
		{6CFADB0D-FBC7-4143-B8F4-A034FC8E5A4F}.Release|Any CPU.ActiveCfg = Release|Any CPU
		{6CFADB0D-FBC7-4143-B8F4-A034FC8E5A4F}.Release|Any CPU.Build.0 = Release|Any CPU
		{6CFADB0D-FBC7-4143-B8F4-A034FC8E5A4F}.Release|x64.ActiveCfg = Release|Any CPU
		{6CFADB0D-FBC7-4143-B8F4-A034FC8E5A4F}.Release|x64.Build.0 = Release|Any CPU
		{6CFADB0D-FBC7-4143-B8F4-A034FC8E5A4F}.Release|x86.ActiveCfg = Release|Any CPU
		{6CFADB0D-FBC7-4143-B8F4-A034FC8E5A4F}.Release|x86.Build.0 = Release|Any CPU
		{8C930341-9F2B-4C0A-AFCA-B3517862F5AB}.Debug|Any CPU.ActiveCfg = Debug|Any CPU
		{8C930341-9F2B-4C0A-AFCA-B3517862F5AB}.Debug|Any CPU.Build.0 = Debug|Any CPU
		{8C930341-9F2B-4C0A-AFCA-B3517862F5AB}.Debug|x64.ActiveCfg = Debug|Any CPU
		{8C930341-9F2B-4C0A-AFCA-B3517862F5AB}.Debug|x64.Build.0 = Debug|Any CPU
		{8C930341-9F2B-4C0A-AFCA-B3517862F5AB}.Debug|x86.ActiveCfg = Debug|Any CPU
		{8C930341-9F2B-4C0A-AFCA-B3517862F5AB}.Debug|x86.Build.0 = Debug|Any CPU
		{8C930341-9F2B-4C0A-AFCA-B3517862F5AB}.Release|Any CPU.ActiveCfg = Release|Any CPU
		{8C930341-9F2B-4C0A-AFCA-B3517862F5AB}.Release|Any CPU.Build.0 = Release|Any CPU
		{8C930341-9F2B-4C0A-AFCA-B3517862F5AB}.Release|x64.ActiveCfg = Release|Any CPU
		{8C930341-9F2B-4C0A-AFCA-B3517862F5AB}.Release|x64.Build.0 = Release|Any CPU
		{8C930341-9F2B-4C0A-AFCA-B3517862F5AB}.Release|x86.ActiveCfg = Release|Any CPU
		{8C930341-9F2B-4C0A-AFCA-B3517862F5AB}.Release|x86.Build.0 = Release|Any CPU
		{7F177F11-429F-4B5D-9263-9BD10308BF20}.Debug|Any CPU.ActiveCfg = Debug|Any CPU
		{7F177F11-429F-4B5D-9263-9BD10308BF20}.Debug|Any CPU.Build.0 = Debug|Any CPU
		{7F177F11-429F-4B5D-9263-9BD10308BF20}.Debug|x64.ActiveCfg = Debug|Any CPU
		{7F177F11-429F-4B5D-9263-9BD10308BF20}.Debug|x64.Build.0 = Debug|Any CPU
		{7F177F11-429F-4B5D-9263-9BD10308BF20}.Debug|x86.ActiveCfg = Debug|Any CPU
		{7F177F11-429F-4B5D-9263-9BD10308BF20}.Debug|x86.Build.0 = Debug|Any CPU
		{7F177F11-429F-4B5D-9263-9BD10308BF20}.Release|Any CPU.ActiveCfg = Release|Any CPU
		{7F177F11-429F-4B5D-9263-9BD10308BF20}.Release|Any CPU.Build.0 = Release|Any CPU
		{7F177F11-429F-4B5D-9263-9BD10308BF20}.Release|x64.ActiveCfg = Release|Any CPU
		{7F177F11-429F-4B5D-9263-9BD10308BF20}.Release|x64.Build.0 = Release|Any CPU
		{7F177F11-429F-4B5D-9263-9BD10308BF20}.Release|x86.ActiveCfg = Release|Any CPU
		{7F177F11-429F-4B5D-9263-9BD10308BF20}.Release|x86.Build.0 = Release|Any CPU
		{08DFD6B9-CE31-4876-A8B1-A6B2CCE47C85}.Debug|Any CPU.ActiveCfg = Debug|Any CPU
		{08DFD6B9-CE31-4876-A8B1-A6B2CCE47C85}.Debug|Any CPU.Build.0 = Debug|Any CPU
		{08DFD6B9-CE31-4876-A8B1-A6B2CCE47C85}.Debug|x64.ActiveCfg = Debug|Any CPU
		{08DFD6B9-CE31-4876-A8B1-A6B2CCE47C85}.Debug|x64.Build.0 = Debug|Any CPU
		{08DFD6B9-CE31-4876-A8B1-A6B2CCE47C85}.Debug|x86.ActiveCfg = Debug|Any CPU
		{08DFD6B9-CE31-4876-A8B1-A6B2CCE47C85}.Debug|x86.Build.0 = Debug|Any CPU
		{08DFD6B9-CE31-4876-A8B1-A6B2CCE47C85}.Release|Any CPU.ActiveCfg = Release|Any CPU
		{08DFD6B9-CE31-4876-A8B1-A6B2CCE47C85}.Release|Any CPU.Build.0 = Release|Any CPU
		{08DFD6B9-CE31-4876-A8B1-A6B2CCE47C85}.Release|x64.ActiveCfg = Release|Any CPU
		{08DFD6B9-CE31-4876-A8B1-A6B2CCE47C85}.Release|x64.Build.0 = Release|Any CPU
		{08DFD6B9-CE31-4876-A8B1-A6B2CCE47C85}.Release|x86.ActiveCfg = Release|Any CPU
		{08DFD6B9-CE31-4876-A8B1-A6B2CCE47C85}.Release|x86.Build.0 = Release|Any CPU
		{007A6746-AF60-4AE1-A70F-F6D475667029}.Debug|Any CPU.ActiveCfg = Debug|Any CPU
		{007A6746-AF60-4AE1-A70F-F6D475667029}.Debug|Any CPU.Build.0 = Debug|Any CPU
		{007A6746-AF60-4AE1-A70F-F6D475667029}.Debug|x64.ActiveCfg = Debug|Any CPU
		{007A6746-AF60-4AE1-A70F-F6D475667029}.Debug|x64.Build.0 = Debug|Any CPU
		{007A6746-AF60-4AE1-A70F-F6D475667029}.Debug|x86.ActiveCfg = Debug|Any CPU
		{007A6746-AF60-4AE1-A70F-F6D475667029}.Debug|x86.Build.0 = Debug|Any CPU
		{007A6746-AF60-4AE1-A70F-F6D475667029}.Release|Any CPU.ActiveCfg = Release|Any CPU
		{007A6746-AF60-4AE1-A70F-F6D475667029}.Release|Any CPU.Build.0 = Release|Any CPU
		{007A6746-AF60-4AE1-A70F-F6D475667029}.Release|x64.ActiveCfg = Release|Any CPU
		{007A6746-AF60-4AE1-A70F-F6D475667029}.Release|x64.Build.0 = Release|Any CPU
		{007A6746-AF60-4AE1-A70F-F6D475667029}.Release|x86.ActiveCfg = Release|Any CPU
		{007A6746-AF60-4AE1-A70F-F6D475667029}.Release|x86.Build.0 = Release|Any CPU
		{27540216-9612-40E3-926C-95D6136DA7EF}.Debug|Any CPU.ActiveCfg = Debug|Any CPU
		{27540216-9612-40E3-926C-95D6136DA7EF}.Debug|Any CPU.Build.0 = Debug|Any CPU
		{27540216-9612-40E3-926C-95D6136DA7EF}.Debug|x64.ActiveCfg = Debug|Any CPU
		{27540216-9612-40E3-926C-95D6136DA7EF}.Debug|x64.Build.0 = Debug|Any CPU
		{27540216-9612-40E3-926C-95D6136DA7EF}.Debug|x86.ActiveCfg = Debug|Any CPU
		{27540216-9612-40E3-926C-95D6136DA7EF}.Debug|x86.Build.0 = Debug|Any CPU
		{27540216-9612-40E3-926C-95D6136DA7EF}.Release|Any CPU.ActiveCfg = Release|Any CPU
		{27540216-9612-40E3-926C-95D6136DA7EF}.Release|Any CPU.Build.0 = Release|Any CPU
		{27540216-9612-40E3-926C-95D6136DA7EF}.Release|x64.ActiveCfg = Release|Any CPU
		{27540216-9612-40E3-926C-95D6136DA7EF}.Release|x64.Build.0 = Release|Any CPU
		{27540216-9612-40E3-926C-95D6136DA7EF}.Release|x86.ActiveCfg = Release|Any CPU
		{27540216-9612-40E3-926C-95D6136DA7EF}.Release|x86.Build.0 = Release|Any CPU
		{8FACC1F7-267B-4392-BB9F-7DE56DDC679A}.Debug|Any CPU.ActiveCfg = Debug|Any CPU
		{8FACC1F7-267B-4392-BB9F-7DE56DDC679A}.Debug|Any CPU.Build.0 = Debug|Any CPU
		{8FACC1F7-267B-4392-BB9F-7DE56DDC679A}.Debug|x64.ActiveCfg = Debug|Any CPU
		{8FACC1F7-267B-4392-BB9F-7DE56DDC679A}.Debug|x64.Build.0 = Debug|Any CPU
		{8FACC1F7-267B-4392-BB9F-7DE56DDC679A}.Debug|x86.ActiveCfg = Debug|Any CPU
		{8FACC1F7-267B-4392-BB9F-7DE56DDC679A}.Debug|x86.Build.0 = Debug|Any CPU
		{8FACC1F7-267B-4392-BB9F-7DE56DDC679A}.Release|Any CPU.ActiveCfg = Release|Any CPU
		{8FACC1F7-267B-4392-BB9F-7DE56DDC679A}.Release|Any CPU.Build.0 = Release|Any CPU
		{8FACC1F7-267B-4392-BB9F-7DE56DDC679A}.Release|x64.ActiveCfg = Release|Any CPU
		{8FACC1F7-267B-4392-BB9F-7DE56DDC679A}.Release|x64.Build.0 = Release|Any CPU
		{8FACC1F7-267B-4392-BB9F-7DE56DDC679A}.Release|x86.ActiveCfg = Release|Any CPU
		{8FACC1F7-267B-4392-BB9F-7DE56DDC679A}.Release|x86.Build.0 = Release|Any CPU
		{0E01934B-AF0B-4ECF-B31C-CC8B638AA5D9}.Debug|Any CPU.ActiveCfg = Debug|Any CPU
		{0E01934B-AF0B-4ECF-B31C-CC8B638AA5D9}.Debug|Any CPU.Build.0 = Debug|Any CPU
		{0E01934B-AF0B-4ECF-B31C-CC8B638AA5D9}.Debug|x64.ActiveCfg = Debug|Any CPU
		{0E01934B-AF0B-4ECF-B31C-CC8B638AA5D9}.Debug|x64.Build.0 = Debug|Any CPU
		{0E01934B-AF0B-4ECF-B31C-CC8B638AA5D9}.Debug|x86.ActiveCfg = Debug|Any CPU
		{0E01934B-AF0B-4ECF-B31C-CC8B638AA5D9}.Debug|x86.Build.0 = Debug|Any CPU
		{0E01934B-AF0B-4ECF-B31C-CC8B638AA5D9}.Release|Any CPU.ActiveCfg = Release|Any CPU
		{0E01934B-AF0B-4ECF-B31C-CC8B638AA5D9}.Release|Any CPU.Build.0 = Release|Any CPU
		{0E01934B-AF0B-4ECF-B31C-CC8B638AA5D9}.Release|x64.ActiveCfg = Release|Any CPU
		{0E01934B-AF0B-4ECF-B31C-CC8B638AA5D9}.Release|x64.Build.0 = Release|Any CPU
		{0E01934B-AF0B-4ECF-B31C-CC8B638AA5D9}.Release|x86.ActiveCfg = Release|Any CPU
		{0E01934B-AF0B-4ECF-B31C-CC8B638AA5D9}.Release|x86.Build.0 = Release|Any CPU
		{57127D88-9541-43EB-889F-18EFF18E4AC6}.Debug|Any CPU.ActiveCfg = Debug|Any CPU
		{57127D88-9541-43EB-889F-18EFF18E4AC6}.Debug|Any CPU.Build.0 = Debug|Any CPU
		{57127D88-9541-43EB-889F-18EFF18E4AC6}.Debug|x64.ActiveCfg = Debug|Any CPU
		{57127D88-9541-43EB-889F-18EFF18E4AC6}.Debug|x64.Build.0 = Debug|Any CPU
		{57127D88-9541-43EB-889F-18EFF18E4AC6}.Debug|x86.ActiveCfg = Debug|Any CPU
		{57127D88-9541-43EB-889F-18EFF18E4AC6}.Debug|x86.Build.0 = Debug|Any CPU
		{57127D88-9541-43EB-889F-18EFF18E4AC6}.Release|Any CPU.ActiveCfg = Release|Any CPU
		{57127D88-9541-43EB-889F-18EFF18E4AC6}.Release|Any CPU.Build.0 = Release|Any CPU
		{57127D88-9541-43EB-889F-18EFF18E4AC6}.Release|x64.ActiveCfg = Release|Any CPU
		{57127D88-9541-43EB-889F-18EFF18E4AC6}.Release|x64.Build.0 = Release|Any CPU
		{57127D88-9541-43EB-889F-18EFF18E4AC6}.Release|x86.ActiveCfg = Release|Any CPU
		{57127D88-9541-43EB-889F-18EFF18E4AC6}.Release|x86.Build.0 = Release|Any CPU
		{7703B941-31AC-49E0-BFF5-E290763884EA}.Debug|Any CPU.ActiveCfg = Debug|Any CPU
		{7703B941-31AC-49E0-BFF5-E290763884EA}.Debug|Any CPU.Build.0 = Debug|Any CPU
		{7703B941-31AC-49E0-BFF5-E290763884EA}.Debug|x64.ActiveCfg = Debug|Any CPU
		{7703B941-31AC-49E0-BFF5-E290763884EA}.Debug|x64.Build.0 = Debug|Any CPU
		{7703B941-31AC-49E0-BFF5-E290763884EA}.Debug|x86.ActiveCfg = Debug|Any CPU
		{7703B941-31AC-49E0-BFF5-E290763884EA}.Debug|x86.Build.0 = Debug|Any CPU
		{7703B941-31AC-49E0-BFF5-E290763884EA}.Release|Any CPU.ActiveCfg = Release|Any CPU
		{7703B941-31AC-49E0-BFF5-E290763884EA}.Release|Any CPU.Build.0 = Release|Any CPU
		{7703B941-31AC-49E0-BFF5-E290763884EA}.Release|x64.ActiveCfg = Release|Any CPU
		{7703B941-31AC-49E0-BFF5-E290763884EA}.Release|x64.Build.0 = Release|Any CPU
		{7703B941-31AC-49E0-BFF5-E290763884EA}.Release|x86.ActiveCfg = Release|Any CPU
		{7703B941-31AC-49E0-BFF5-E290763884EA}.Release|x86.Build.0 = Release|Any CPU
		{A55ADEC5-DC54-4DB9-8506-6F5A0084A149}.Debug|Any CPU.ActiveCfg = Debug|Any CPU
		{A55ADEC5-DC54-4DB9-8506-6F5A0084A149}.Debug|Any CPU.Build.0 = Debug|Any CPU
		{A55ADEC5-DC54-4DB9-8506-6F5A0084A149}.Debug|x64.ActiveCfg = Debug|Any CPU
		{A55ADEC5-DC54-4DB9-8506-6F5A0084A149}.Debug|x64.Build.0 = Debug|Any CPU
		{A55ADEC5-DC54-4DB9-8506-6F5A0084A149}.Debug|x86.ActiveCfg = Debug|Any CPU
		{A55ADEC5-DC54-4DB9-8506-6F5A0084A149}.Debug|x86.Build.0 = Debug|Any CPU
		{A55ADEC5-DC54-4DB9-8506-6F5A0084A149}.Release|Any CPU.ActiveCfg = Release|Any CPU
		{A55ADEC5-DC54-4DB9-8506-6F5A0084A149}.Release|Any CPU.Build.0 = Release|Any CPU
		{A55ADEC5-DC54-4DB9-8506-6F5A0084A149}.Release|x64.ActiveCfg = Release|Any CPU
		{A55ADEC5-DC54-4DB9-8506-6F5A0084A149}.Release|x64.Build.0 = Release|Any CPU
		{A55ADEC5-DC54-4DB9-8506-6F5A0084A149}.Release|x86.ActiveCfg = Release|Any CPU
		{A55ADEC5-DC54-4DB9-8506-6F5A0084A149}.Release|x86.Build.0 = Release|Any CPU
		{64B3D746-82EC-4707-B95C-4EA33A64BA03}.Debug|Any CPU.ActiveCfg = Debug|Any CPU
		{64B3D746-82EC-4707-B95C-4EA33A64BA03}.Debug|Any CPU.Build.0 = Debug|Any CPU
		{64B3D746-82EC-4707-B95C-4EA33A64BA03}.Debug|x64.ActiveCfg = Debug|Any CPU
		{64B3D746-82EC-4707-B95C-4EA33A64BA03}.Debug|x64.Build.0 = Debug|Any CPU
		{64B3D746-82EC-4707-B95C-4EA33A64BA03}.Debug|x86.ActiveCfg = Debug|Any CPU
		{64B3D746-82EC-4707-B95C-4EA33A64BA03}.Debug|x86.Build.0 = Debug|Any CPU
		{64B3D746-82EC-4707-B95C-4EA33A64BA03}.Release|Any CPU.ActiveCfg = Release|Any CPU
		{64B3D746-82EC-4707-B95C-4EA33A64BA03}.Release|Any CPU.Build.0 = Release|Any CPU
		{64B3D746-82EC-4707-B95C-4EA33A64BA03}.Release|x64.ActiveCfg = Release|Any CPU
		{64B3D746-82EC-4707-B95C-4EA33A64BA03}.Release|x64.Build.0 = Release|Any CPU
		{64B3D746-82EC-4707-B95C-4EA33A64BA03}.Release|x86.ActiveCfg = Release|Any CPU
		{64B3D746-82EC-4707-B95C-4EA33A64BA03}.Release|x86.Build.0 = Release|Any CPU
		{4A4F3DC7-08D7-487F-B734-A0D0F9298802}.Debug|Any CPU.ActiveCfg = Debug|Any CPU
		{4A4F3DC7-08D7-487F-B734-A0D0F9298802}.Debug|Any CPU.Build.0 = Debug|Any CPU
		{4A4F3DC7-08D7-487F-B734-A0D0F9298802}.Debug|x64.ActiveCfg = Debug|Any CPU
		{4A4F3DC7-08D7-487F-B734-A0D0F9298802}.Debug|x64.Build.0 = Debug|Any CPU
		{4A4F3DC7-08D7-487F-B734-A0D0F9298802}.Debug|x86.ActiveCfg = Debug|Any CPU
		{4A4F3DC7-08D7-487F-B734-A0D0F9298802}.Debug|x86.Build.0 = Debug|Any CPU
		{4A4F3DC7-08D7-487F-B734-A0D0F9298802}.Release|Any CPU.ActiveCfg = Release|Any CPU
		{4A4F3DC7-08D7-487F-B734-A0D0F9298802}.Release|Any CPU.Build.0 = Release|Any CPU
		{4A4F3DC7-08D7-487F-B734-A0D0F9298802}.Release|x64.ActiveCfg = Release|Any CPU
		{4A4F3DC7-08D7-487F-B734-A0D0F9298802}.Release|x64.Build.0 = Release|Any CPU
		{4A4F3DC7-08D7-487F-B734-A0D0F9298802}.Release|x86.ActiveCfg = Release|Any CPU
		{4A4F3DC7-08D7-487F-B734-A0D0F9298802}.Release|x86.Build.0 = Release|Any CPU
		{26F104EE-24AE-4A74-91DA-9B88E59FD101}.Debug|Any CPU.ActiveCfg = Debug|Any CPU
		{26F104EE-24AE-4A74-91DA-9B88E59FD101}.Debug|Any CPU.Build.0 = Debug|Any CPU
		{26F104EE-24AE-4A74-91DA-9B88E59FD101}.Debug|x64.ActiveCfg = Debug|Any CPU
		{26F104EE-24AE-4A74-91DA-9B88E59FD101}.Debug|x64.Build.0 = Debug|Any CPU
		{26F104EE-24AE-4A74-91DA-9B88E59FD101}.Debug|x86.ActiveCfg = Debug|Any CPU
		{26F104EE-24AE-4A74-91DA-9B88E59FD101}.Debug|x86.Build.0 = Debug|Any CPU
		{26F104EE-24AE-4A74-91DA-9B88E59FD101}.Release|Any CPU.ActiveCfg = Release|Any CPU
		{26F104EE-24AE-4A74-91DA-9B88E59FD101}.Release|Any CPU.Build.0 = Release|Any CPU
		{26F104EE-24AE-4A74-91DA-9B88E59FD101}.Release|x64.ActiveCfg = Release|Any CPU
		{26F104EE-24AE-4A74-91DA-9B88E59FD101}.Release|x64.Build.0 = Release|Any CPU
		{26F104EE-24AE-4A74-91DA-9B88E59FD101}.Release|x86.ActiveCfg = Release|Any CPU
		{26F104EE-24AE-4A74-91DA-9B88E59FD101}.Release|x86.Build.0 = Release|Any CPU
		{73C328CD-04BC-47E8-B9E8-60463BABAC69}.Debug|Any CPU.ActiveCfg = Debug|Any CPU
		{73C328CD-04BC-47E8-B9E8-60463BABAC69}.Debug|Any CPU.Build.0 = Debug|Any CPU
		{73C328CD-04BC-47E8-B9E8-60463BABAC69}.Debug|x64.ActiveCfg = Debug|Any CPU
		{73C328CD-04BC-47E8-B9E8-60463BABAC69}.Debug|x64.Build.0 = Debug|Any CPU
		{73C328CD-04BC-47E8-B9E8-60463BABAC69}.Debug|x86.ActiveCfg = Debug|Any CPU
		{73C328CD-04BC-47E8-B9E8-60463BABAC69}.Debug|x86.Build.0 = Debug|Any CPU
		{73C328CD-04BC-47E8-B9E8-60463BABAC69}.Release|Any CPU.ActiveCfg = Release|Any CPU
		{73C328CD-04BC-47E8-B9E8-60463BABAC69}.Release|Any CPU.Build.0 = Release|Any CPU
		{73C328CD-04BC-47E8-B9E8-60463BABAC69}.Release|x64.ActiveCfg = Release|Any CPU
		{73C328CD-04BC-47E8-B9E8-60463BABAC69}.Release|x64.Build.0 = Release|Any CPU
		{73C328CD-04BC-47E8-B9E8-60463BABAC69}.Release|x86.ActiveCfg = Release|Any CPU
		{73C328CD-04BC-47E8-B9E8-60463BABAC69}.Release|x86.Build.0 = Release|Any CPU
		{2481FF12-FD51-48B1-8016-367996ADDF56}.Debug|Any CPU.ActiveCfg = Debug|Any CPU
		{2481FF12-FD51-48B1-8016-367996ADDF56}.Debug|Any CPU.Build.0 = Debug|Any CPU
		{2481FF12-FD51-48B1-8016-367996ADDF56}.Debug|x64.ActiveCfg = Debug|Any CPU
		{2481FF12-FD51-48B1-8016-367996ADDF56}.Debug|x64.Build.0 = Debug|Any CPU
		{2481FF12-FD51-48B1-8016-367996ADDF56}.Debug|x86.ActiveCfg = Debug|Any CPU
		{2481FF12-FD51-48B1-8016-367996ADDF56}.Debug|x86.Build.0 = Debug|Any CPU
		{2481FF12-FD51-48B1-8016-367996ADDF56}.Release|Any CPU.ActiveCfg = Release|Any CPU
		{2481FF12-FD51-48B1-8016-367996ADDF56}.Release|Any CPU.Build.0 = Release|Any CPU
		{2481FF12-FD51-48B1-8016-367996ADDF56}.Release|x64.ActiveCfg = Release|Any CPU
		{2481FF12-FD51-48B1-8016-367996ADDF56}.Release|x64.Build.0 = Release|Any CPU
		{2481FF12-FD51-48B1-8016-367996ADDF56}.Release|x86.ActiveCfg = Release|Any CPU
		{2481FF12-FD51-48B1-8016-367996ADDF56}.Release|x86.Build.0 = Release|Any CPU
		{DD4387E0-997E-45FA-B22F-2459541E5BDD}.Debug|Any CPU.ActiveCfg = Debug|Any CPU
		{DD4387E0-997E-45FA-B22F-2459541E5BDD}.Debug|Any CPU.Build.0 = Debug|Any CPU
		{DD4387E0-997E-45FA-B22F-2459541E5BDD}.Debug|x64.ActiveCfg = Debug|Any CPU
		{DD4387E0-997E-45FA-B22F-2459541E5BDD}.Debug|x64.Build.0 = Debug|Any CPU
		{DD4387E0-997E-45FA-B22F-2459541E5BDD}.Debug|x86.ActiveCfg = Debug|Any CPU
		{DD4387E0-997E-45FA-B22F-2459541E5BDD}.Debug|x86.Build.0 = Debug|Any CPU
		{DD4387E0-997E-45FA-B22F-2459541E5BDD}.Release|Any CPU.ActiveCfg = Release|Any CPU
		{DD4387E0-997E-45FA-B22F-2459541E5BDD}.Release|Any CPU.Build.0 = Release|Any CPU
		{DD4387E0-997E-45FA-B22F-2459541E5BDD}.Release|x64.ActiveCfg = Release|Any CPU
		{DD4387E0-997E-45FA-B22F-2459541E5BDD}.Release|x64.Build.0 = Release|Any CPU
		{DD4387E0-997E-45FA-B22F-2459541E5BDD}.Release|x86.ActiveCfg = Release|Any CPU
		{DD4387E0-997E-45FA-B22F-2459541E5BDD}.Release|x86.Build.0 = Release|Any CPU
		{4D6D3DB8-ECAD-48D9-9F78-D060860A4141}.Debug|Any CPU.ActiveCfg = Debug|Any CPU
		{4D6D3DB8-ECAD-48D9-9F78-D060860A4141}.Debug|Any CPU.Build.0 = Debug|Any CPU
		{4D6D3DB8-ECAD-48D9-9F78-D060860A4141}.Debug|x64.ActiveCfg = Debug|Any CPU
		{4D6D3DB8-ECAD-48D9-9F78-D060860A4141}.Debug|x64.Build.0 = Debug|Any CPU
		{4D6D3DB8-ECAD-48D9-9F78-D060860A4141}.Debug|x86.ActiveCfg = Debug|Any CPU
		{4D6D3DB8-ECAD-48D9-9F78-D060860A4141}.Debug|x86.Build.0 = Debug|Any CPU
		{4D6D3DB8-ECAD-48D9-9F78-D060860A4141}.Release|Any CPU.ActiveCfg = Release|Any CPU
		{4D6D3DB8-ECAD-48D9-9F78-D060860A4141}.Release|Any CPU.Build.0 = Release|Any CPU
		{4D6D3DB8-ECAD-48D9-9F78-D060860A4141}.Release|x64.ActiveCfg = Release|Any CPU
		{4D6D3DB8-ECAD-48D9-9F78-D060860A4141}.Release|x64.Build.0 = Release|Any CPU
		{4D6D3DB8-ECAD-48D9-9F78-D060860A4141}.Release|x86.ActiveCfg = Release|Any CPU
		{4D6D3DB8-ECAD-48D9-9F78-D060860A4141}.Release|x86.Build.0 = Release|Any CPU
		{8A55FF33-1215-418B-ABC1-E44B31E93F4E}.Debug|Any CPU.ActiveCfg = Debug|Any CPU
		{8A55FF33-1215-418B-ABC1-E44B31E93F4E}.Debug|Any CPU.Build.0 = Debug|Any CPU
		{8A55FF33-1215-418B-ABC1-E44B31E93F4E}.Debug|x64.ActiveCfg = Debug|Any CPU
		{8A55FF33-1215-418B-ABC1-E44B31E93F4E}.Debug|x64.Build.0 = Debug|Any CPU
		{8A55FF33-1215-418B-ABC1-E44B31E93F4E}.Debug|x86.ActiveCfg = Debug|Any CPU
		{8A55FF33-1215-418B-ABC1-E44B31E93F4E}.Debug|x86.Build.0 = Debug|Any CPU
		{8A55FF33-1215-418B-ABC1-E44B31E93F4E}.Release|Any CPU.ActiveCfg = Release|Any CPU
		{8A55FF33-1215-418B-ABC1-E44B31E93F4E}.Release|Any CPU.Build.0 = Release|Any CPU
		{8A55FF33-1215-418B-ABC1-E44B31E93F4E}.Release|x64.ActiveCfg = Release|Any CPU
		{8A55FF33-1215-418B-ABC1-E44B31E93F4E}.Release|x64.Build.0 = Release|Any CPU
		{8A55FF33-1215-418B-ABC1-E44B31E93F4E}.Release|x86.ActiveCfg = Release|Any CPU
		{8A55FF33-1215-418B-ABC1-E44B31E93F4E}.Release|x86.Build.0 = Release|Any CPU
	EndGlobalSection
	GlobalSection(SolutionProperties) = preSolution
		HideSolutionNode = FALSE
	EndGlobalSection
	GlobalSection(NestedProjects) = preSolution
		{FBA58FC8-3EF1-4970-B75F-6D28DD7D09B3} = {B7216A8C-ED28-4D6F-B81F-933660E5CA25}
		{7DCF26C3-6528-432B-AE88-586382B91485} = {B7216A8C-ED28-4D6F-B81F-933660E5CA25}
		{20A3C4B5-6BCE-42DE-AACA-708B4FA49907} = {F9CC9A57-DA1C-41D0-ABFC-E08A91129ABD}
		{7D1D091E-8369-4ED4-9963-8F6A16298E46} = {20A3C4B5-6BCE-42DE-AACA-708B4FA49907}
		{6CAF48FF-E224-4D3B-8603-542127E201B8} = {20A3C4B5-6BCE-42DE-AACA-708B4FA49907}
		{A97618B9-52F5-42AA-96A7-666D052F1276} = {20A3C4B5-6BCE-42DE-AACA-708B4FA49907}
		{38B071D1-37AF-4608-B369-E94459634E89} = {F9CC9A57-DA1C-41D0-ABFC-E08A91129ABD}
		{723E1C7B-9FFF-4F04-B37A-BA426DBAC1D3} = {38B071D1-37AF-4608-B369-E94459634E89}
		{BD5F84EB-B140-4E31-A4E5-238731363130} = {F9CC9A57-DA1C-41D0-ABFC-E08A91129ABD}
		{8B245F5A-80D2-4CE7-ACB1-E2476E529B6F} = {BD5F84EB-B140-4E31-A4E5-238731363130}
		{BA2D1BFB-A955-4BB5-B66E-2133672B0F51} = {F9CC9A57-DA1C-41D0-ABFC-E08A91129ABD}
		{203B8070-2ABD-4CC8-BF8C-551EDD6FB46D} = {F9CC9A57-DA1C-41D0-ABFC-E08A91129ABD}
		{12EF75D0-E655-4010-ACF2-5E6648CB02D8} = {203B8070-2ABD-4CC8-BF8C-551EDD6FB46D}
		{8CE4910E-7F7E-4120-A7BB-5E4B5F0DFAE8} = {F9CC9A57-DA1C-41D0-ABFC-E08A91129ABD}
		{0EDA967C-6622-49FF-8A74-4FF439B45B0C} = {8CE4910E-7F7E-4120-A7BB-5E4B5F0DFAE8}
		{886A63F5-C07E-45BE-A011-26FD05B7CBBC} = {38B071D1-37AF-4608-B369-E94459634E89}
		{D5908C8B-4530-428B-BFD6-F97AD4469E79} = {F9CC9A57-DA1C-41D0-ABFC-E08A91129ABD}
		{E020B6C8-C5D9-4060-95C6-D5E4B17B46E5} = {D5908C8B-4530-428B-BFD6-F97AD4469E79}
		{CA4E04F9-A08E-498F-938E-E41715387243} = {8E7696F0-FC54-4907-BDD6-B49F226380E7}
		{35914EBD-1FE1-496B-B3DD-66006807469A} = {8E7696F0-FC54-4907-BDD6-B49F226380E7}
		{CE37AB5D-686F-4F8B-A32C-213B01CAB5BC} = {8E7696F0-FC54-4907-BDD6-B49F226380E7}
		{AAC921FF-C226-4155-B206-F6201308C7D0} = {8E7696F0-FC54-4907-BDD6-B49F226380E7}
		{F724C03D-5257-4BE2-B52C-1E5E9F581709} = {8E7696F0-FC54-4907-BDD6-B49F226380E7}
		{9E80FD03-E7E7-409B-AB7E-61E54B64E8FB} = {8E7696F0-FC54-4907-BDD6-B49F226380E7}
		{F11A4C7F-6261-446F-8B64-35489FBBD5D3} = {BD5F84EB-B140-4E31-A4E5-238731363130}
		{5ECCD7D1-90C6-48B7-9781-AD2DED2C9748} = {F9CC9A57-DA1C-41D0-ABFC-E08A91129ABD}
		{132A271B-EAF9-431E-A1F3-189850E91070} = {5ECCD7D1-90C6-48B7-9781-AD2DED2C9748}
		{407BD98C-D16B-4B2F-8146-5BB138B04A7B} = {BD5F84EB-B140-4E31-A4E5-238731363130}
		{B987051E-FB16-4184-ABF3-07DDDAD36AC8} = {BD5F84EB-B140-4E31-A4E5-238731363130}
		{D643AF86-A755-4160-8790-5BC42A81C48D} = {8E7696F0-FC54-4907-BDD6-B49F226380E7}
		{554E455B-BDE9-4553-93D5-AA9704FC5B9B} = {8E7696F0-FC54-4907-BDD6-B49F226380E7}
		{5F9BB890-7CE9-4FFF-8D81-4DBEFBC7E681} = {8E7696F0-FC54-4907-BDD6-B49F226380E7}
		{1B7357B2-61DF-4922-BF70-FD72E9257B3F} = {203B8070-2ABD-4CC8-BF8C-551EDD6FB46D}
		{E5A298A3-F9C0-4333-826A-C28949D9FA8F} = {8E7696F0-FC54-4907-BDD6-B49F226380E7}
		{DA520663-82BE-4450-A497-C35BA88A3A2C} = {F9CC9A57-DA1C-41D0-ABFC-E08A91129ABD}
		{93E84A92-5340-4085-99BF-A9AFA6FD405D} = {DA520663-82BE-4450-A497-C35BA88A3A2C}
		{C9FA93C0-7E72-41B6-B83D-13190DD37552} = {DA520663-82BE-4450-A497-C35BA88A3A2C}
		{84472E69-2739-43C2-8D05-2B60BA03E80D} = {DA520663-82BE-4450-A497-C35BA88A3A2C}
		{372DB625-79C3-45D1-BD43-B546A0552DE0} = {DA520663-82BE-4450-A497-C35BA88A3A2C}
		{CDFD5C02-A021-43B7-BE42-D0E0F1A5E116} = {DA520663-82BE-4450-A497-C35BA88A3A2C}
		{5E93D705-CA6D-4762-981F-C5AF237B9976} = {8E7696F0-FC54-4907-BDD6-B49F226380E7}
		{8885253A-149A-46CD-BA69-85ADD02D0A40} = {8E7696F0-FC54-4907-BDD6-B49F226380E7}
		{98FE834D-6DE5-480A-BC6E-BCD30EFA0276} = {8E7696F0-FC54-4907-BDD6-B49F226380E7}
		{B8635143-0E07-4422-B313-39EDE0FB686E} = {8E7696F0-FC54-4907-BDD6-B49F226380E7}
		{2ABA9C4F-EBF7-47D7-918E-C23CC135EB15} = {8E7696F0-FC54-4907-BDD6-B49F226380E7}
		{B8BA9D1D-2441-4C94-A3E1-1DC79DC23627} = {F9CC9A57-DA1C-41D0-ABFC-E08A91129ABD}
		{FD1F9C06-C043-41E0-B24C-F2F9F38DEA7D} = {B8BA9D1D-2441-4C94-A3E1-1DC79DC23627}
		{6E79FE2D-1E1F-4830-B61A-43DB9B9063A4} = {8E7696F0-FC54-4907-BDD6-B49F226380E7}
		{E28E3C88-0970-4FA6-941B-617BBBF8A6DA} = {8E7696F0-FC54-4907-BDD6-B49F226380E7}
		{6CFADB0D-FBC7-4143-B8F4-A034FC8E5A4F} = {8E7696F0-FC54-4907-BDD6-B49F226380E7}
		{8C930341-9F2B-4C0A-AFCA-B3517862F5AB} = {8E7696F0-FC54-4907-BDD6-B49F226380E7}
		{7F177F11-429F-4B5D-9263-9BD10308BF20} = {8E7696F0-FC54-4907-BDD6-B49F226380E7}
		{007A6746-AF60-4AE1-A70F-F6D475667029} = {8E7696F0-FC54-4907-BDD6-B49F226380E7}
		{27540216-9612-40E3-926C-95D6136DA7EF} = {8E7696F0-FC54-4907-BDD6-B49F226380E7}
		{7DECA0E3-4346-4485-A802-F64161172358} = {F9CC9A57-DA1C-41D0-ABFC-E08A91129ABD}
		{8FACC1F7-267B-4392-BB9F-7DE56DDC679A} = {7DECA0E3-4346-4485-A802-F64161172358}
		{0E01934B-AF0B-4ECF-B31C-CC8B638AA5D9} = {8E7696F0-FC54-4907-BDD6-B49F226380E7}
		{57127D88-9541-43EB-889F-18EFF18E4AC6} = {C1989EDC-8085-45ED-B4EA-4E9DC26F8A97}
		{7703B941-31AC-49E0-BFF5-E290763884EA} = {C1989EDC-8085-45ED-B4EA-4E9DC26F8A97}
		{A55ADEC5-DC54-4DB9-8506-6F5A0084A149} = {C1989EDC-8085-45ED-B4EA-4E9DC26F8A97}
		{64B3D746-82EC-4707-B95C-4EA33A64BA03} = {C1989EDC-8085-45ED-B4EA-4E9DC26F8A97}
		{4A4F3DC7-08D7-487F-B734-A0D0F9298802} = {F4E650EB-921E-43D7-AEF3-60DF6E1EAF5C}
		{26F104EE-24AE-4A74-91DA-9B88E59FD101} = {8E7696F0-FC54-4907-BDD6-B49F226380E7}
		{F1935E1A-8A08-45F7-8852-D7777C3C2E1D} = {F9CC9A57-DA1C-41D0-ABFC-E08A91129ABD}
		{73C328CD-04BC-47E8-B9E8-60463BABAC69} = {F1935E1A-8A08-45F7-8852-D7777C3C2E1D}
		{2481FF12-FD51-48B1-8016-367996ADDF56} = {1B4FC8C3-506F-4753-BB56-A90CF7EEAB86}
		{1B4FC8C3-506F-4753-BB56-A90CF7EEAB86} = {F9CC9A57-DA1C-41D0-ABFC-E08A91129ABD}
		{DD4387E0-997E-45FA-B22F-2459541E5BDD} = {F4E650EB-921E-43D7-AEF3-60DF6E1EAF5C}
		{4D6D3DB8-ECAD-48D9-9F78-D060860A4141} = {8E7696F0-FC54-4907-BDD6-B49F226380E7}
		{8A55FF33-1215-418B-ABC1-E44B31E93F4E} = {8E7696F0-FC54-4907-BDD6-B49F226380E7}
	EndGlobalSection
	GlobalSection(ExtensibilityGlobals) = postSolution
		SolutionGuid = {8DAA9347-2E22-4C17-AA4F-FAC33732522F}
	EndGlobalSection
EndGlobal
